// !$*UTF8*$!
{
	archiveVersion = 1;
	classes = {
	};
	objectVersion = 46;
	objects = {

/* Begin PBXBuildFile section */
		A673C1CA463FDCBB004EECC7 /* Pods_DuodianAdmoreWork.framework in Frameworks */ = {isa = PBXBuildFile; fileRef = 4AF526B5A26AB13C6819C89D /* Pods_DuodianAdmoreWork.framework */; };
		FB3D730E1F172E44001E6D77 /* ColorGradualTool.m in Sources */ = {isa = PBXBuildFile; fileRef = FB3D730D1F172E44001E6D77 /* ColorGradualTool.m */; };
		FB3D73111F1754A5001E6D77 /* UIBarButtonItem+Extension.m in Sources */ = {isa = PBXBuildFile; fileRef = FB3D73101F1754A5001E6D77 /* UIBarButtonItem+Extension.m */; };
		FB3D73181F17628C001E6D77 /* AutoCodeView.m in Sources */ = {isa = PBXBuildFile; fileRef = FB3D73171F17628C001E6D77 /* AutoCodeView.m */; };
		FB3D731E1F176CFE001E6D77 /* LoginView.m in Sources */ = {isa = PBXBuildFile; fileRef = FB3D731D1F176CFE001E6D77 /* LoginView.m */; };
		FB3D73201F176D0A001E6D77 /* LoginView.xib in Resources */ = {isa = PBXBuildFile; fileRef = FB3D731F1F176D0A001E6D77 /* LoginView.xib */; };
		FB3D73231F176D22001E6D77 /* RegisterView.m in Sources */ = {isa = PBXBuildFile; fileRef = FB3D73221F176D22001E6D77 /* RegisterView.m */; };
		FB3D73251F176D34001E6D77 /* RegisterView.xib in Resources */ = {isa = PBXBuildFile; fileRef = FB3D73241F176D34001E6D77 /* RegisterView.xib */; };
		FB3D73281F1770AA001E6D77 /* EntranceController.m in Sources */ = {isa = PBXBuildFile; fileRef = FB3D73271F1770AA001E6D77 /* EntranceController.m */; };
		FB3D732B1F177E6A001E6D77 /* ForgetPwdView.m in Sources */ = {isa = PBXBuildFile; fileRef = FB3D732A1F177E6A001E6D77 /* ForgetPwdView.m */; };
		FB3D732D1F177E79001E6D77 /* ForgetPwdView.xib in Resources */ = {isa = PBXBuildFile; fileRef = FB3D732C1F177E79001E6D77 /* ForgetPwdView.xib */; };
		FB3D73921F1856A6001E6D77 /* DDTextField.m in Sources */ = {isa = PBXBuildFile; fileRef = FB3D73911F1856A6001E6D77 /* DDTextField.m */; };
		FB3D73951F185B08001E6D77 /* PerfectInfoView.m in Sources */ = {isa = PBXBuildFile; fileRef = FB3D73941F185B08001E6D77 /* PerfectInfoView.m */; };
		FB3D73971F185B16001E6D77 /* PerfectInfoView.xib in Resources */ = {isa = PBXBuildFile; fileRef = FB3D73961F185B16001E6D77 /* PerfectInfoView.xib */; };
		FB4801271F1CA28E0040E5DC /* EffectDailyRecordViewController.m in Sources */ = {isa = PBXBuildFile; fileRef = FB4801261F1CA28E0040E5DC /* EffectDailyRecordViewController.m */; };
		FB48012A1F1CA2DC0040E5DC /* ReceiptCancelReviewViewController.m in Sources */ = {isa = PBXBuildFile; fileRef = FB4801291F1CA2DC0040E5DC /* ReceiptCancelReviewViewController.m */; };
		FB48012D1F1CA3030040E5DC /* PlayGeneralizeViewController.m in Sources */ = {isa = PBXBuildFile; fileRef = FB48012C1F1CA3030040E5DC /* PlayGeneralizeViewController.m */; };
		FB4801311F1CA3670040E5DC /* AgentRebateViewCell.m in Sources */ = {isa = PBXBuildFile; fileRef = FB48012F1F1CA3670040E5DC /* AgentRebateViewCell.m */; };
		FB4801321F1CA3670040E5DC /* AgentRebateViewCell.xib in Resources */ = {isa = PBXBuildFile; fileRef = FB4801301F1CA3670040E5DC /* AgentRebateViewCell.xib */; };
		FB4B4A9D1F15BAAC005B52CB /* BaseViewController.m in Sources */ = {isa = PBXBuildFile; fileRef = FB4B4A9C1F15BAAC005B52CB /* BaseViewController.m */; };
		FB4B4AA01F15BAC6005B52CB /* BaseNavController.m in Sources */ = {isa = PBXBuildFile; fileRef = FB4B4A9F1F15BAC6005B52CB /* BaseNavController.m */; };
		FB4B4AA81F15BD84005B52CB /* User.storyboard in Resources */ = {isa = PBXBuildFile; fileRef = FB4B4AA71F15BD84005B52CB /* User.storyboard */; };
		FB4B4B161F15FF11005B52CB /* InvoiceCancelController.m in Sources */ = {isa = PBXBuildFile; fileRef = FB4B4B151F15FF11005B52CB /* InvoiceCancelController.m */; };
		FB4B4B1A1F15FF31005B52CB /* InvoiceCancelCell.m in Sources */ = {isa = PBXBuildFile; fileRef = FB4B4B181F15FF31005B52CB /* InvoiceCancelCell.m */; };
		FB4B4B1B1F15FF31005B52CB /* InvoiceCancelCell.xib in Resources */ = {isa = PBXBuildFile; fileRef = FB4B4B191F15FF31005B52CB /* InvoiceCancelCell.xib */; };
		FB4B4B311F160EA4005B52CB /* WithdrawCheckController.m in Sources */ = {isa = PBXBuildFile; fileRef = FB4B4B301F160EA4005B52CB /* WithdrawCheckController.m */; };
		FB4B4B351F160EC0005B52CB /* WithdrawCheckCell.m in Sources */ = {isa = PBXBuildFile; fileRef = FB4B4B331F160EC0005B52CB /* WithdrawCheckCell.m */; };
		FB4B4B361F160EC0005B52CB /* WithdrawCheckCell.xib in Resources */ = {isa = PBXBuildFile; fileRef = FB4B4B341F160EC0005B52CB /* WithdrawCheckCell.xib */; };
		FB4B4B391F1611AF005B52CB /* ResourceUnsubscribeCheckController.m in Sources */ = {isa = PBXBuildFile; fileRef = FB4B4B381F1611AF005B52CB /* ResourceUnsubscribeCheckController.m */; };
		FB4B4B3D1F1611EB005B52CB /* ResourceUnsubscribeCheckCell.m in Sources */ = {isa = PBXBuildFile; fileRef = FB4B4B3B1F1611EB005B52CB /* ResourceUnsubscribeCheckCell.m */; };
		FB4B4B3E1F1611EB005B52CB /* ResourceUnsubscribeCheckCell.xib in Resources */ = {isa = PBXBuildFile; fileRef = FB4B4B3C1F1611EB005B52CB /* ResourceUnsubscribeCheckCell.xib */; };
		FB4B4B411F16144D005B52CB /* PreOpenInvoiceCheckController.m in Sources */ = {isa = PBXBuildFile; fileRef = FB4B4B401F16144D005B52CB /* PreOpenInvoiceCheckController.m */; };
		FB4B4B481F16147E005B52CB /* PreOpenInvoiceCheckCell.m in Sources */ = {isa = PBXBuildFile; fileRef = FB4B4B461F16147E005B52CB /* PreOpenInvoiceCheckCell.m */; };
		FB4B4B491F16147E005B52CB /* PreOpenInvoiceCheckCell.xib in Resources */ = {isa = PBXBuildFile; fileRef = FB4B4B471F16147E005B52CB /* PreOpenInvoiceCheckCell.xib */; };
		FB4B4B541F161A44005B52CB /* CashFlowController.m in Sources */ = {isa = PBXBuildFile; fileRef = FB4B4B531F161A44005B52CB /* CashFlowController.m */; };
		FB4B4B581F161A5D005B52CB /* CashFlowCell.m in Sources */ = {isa = PBXBuildFile; fileRef = FB4B4B561F161A5D005B52CB /* CashFlowCell.m */; };
		FB4B4B591F161A5D005B52CB /* CashFlowCell.xib in Resources */ = {isa = PBXBuildFile; fileRef = FB4B4B571F161A5D005B52CB /* CashFlowCell.xib */; };
		FB4B4B651F1620D9005B52CB /* NetWorkManager.m in Sources */ = {isa = PBXBuildFile; fileRef = FB4B4B641F1620D9005B52CB /* NetWorkManager.m */; };
		FB4B4B691F162D8F005B52CB /* AdmoreTool.m in Sources */ = {isa = PBXBuildFile; fileRef = FB4B4B681F162D8F005B52CB /* AdmoreTool.m */; };
		FB517D241F14DF0500DDAFA2 /* main.m in Sources */ = {isa = PBXBuildFile; fileRef = FB517D231F14DF0500DDAFA2 /* main.m */; };
		FB517D271F14DF0500DDAFA2 /* AppDelegate.m in Sources */ = {isa = PBXBuildFile; fileRef = FB517D261F14DF0500DDAFA2 /* AppDelegate.m */; };
		FB517D2F1F14DF0500DDAFA2 /* Assets.xcassets in Resources */ = {isa = PBXBuildFile; fileRef = FB517D2E1F14DF0500DDAFA2 /* Assets.xcassets */; };
		FB517D321F14DF0500DDAFA2 /* LaunchScreen.storyboard in Resources */ = {isa = PBXBuildFile; fileRef = FB517D301F14DF0500DDAFA2 /* LaunchScreen.storyboard */; };
		FB58AB461F1C4F8100AD5B2C /* CensusDataViewController.m in Sources */ = {isa = PBXBuildFile; fileRef = FB58AB451F1C4F8100AD5B2C /* CensusDataViewController.m */; };
		FB58AB491F1C4FA300AD5B2C /* ReceiptReviewViewController.m in Sources */ = {isa = PBXBuildFile; fileRef = FB58AB481F1C4FA300AD5B2C /* ReceiptReviewViewController.m */; };
		FB58AB4C1F1C4FC000AD5B2C /* AlreadyOpenReceiptViewController.m in Sources */ = {isa = PBXBuildFile; fileRef = FB58AB4B1F1C4FC000AD5B2C /* AlreadyOpenReceiptViewController.m */; };
		FB58AB4F1F1C4FE400AD5B2C /* ChargeJournalingViewController.m in Sources */ = {isa = PBXBuildFile; fileRef = FB58AB4E1F1C4FE400AD5B2C /* ChargeJournalingViewController.m */; };
		FB58AB521F1C505100AD5B2C /* CashStreamViewController.m in Sources */ = {isa = PBXBuildFile; fileRef = FB58AB511F1C505100AD5B2C /* CashStreamViewController.m */; };
		FB58AB581F1C515500AD5B2C /* UnsubscribeReviewViewController.m in Sources */ = {isa = PBXBuildFile; fileRef = FB58AB571F1C515500AD5B2C /* UnsubscribeReviewViewController.m */; };
		FB58AB5B1F1C51B700AD5B2C /* resourceBuyRecordViewController.m in Sources */ = {isa = PBXBuildFile; fileRef = FB58AB5A1F1C51B700AD5B2C /* resourceBuyRecordViewController.m */; };
		FB58AB611F1C523500AD5B2C /* PreOpneReceiptViewController.m in Sources */ = {isa = PBXBuildFile; fileRef = FB58AB601F1C523500AD5B2C /* PreOpneReceiptViewController.m */; };
		FB58AB641F1C525900AD5B2C /* RespackageConsumeDetailViewController.m in Sources */ = {isa = PBXBuildFile; fileRef = FB58AB631F1C525900AD5B2C /* RespackageConsumeDetailViewController.m */; };
		FB58AB6A1F1C530E00AD5B2C /* PreOpenReceiptReviewViewController.m in Sources */ = {isa = PBXBuildFile; fileRef = FB58AB691F1C530E00AD5B2C /* PreOpenReceiptReviewViewController.m */; };
		FB58AB6D1F1C533800AD5B2C /* SettlementDetailViewController.m in Sources */ = {isa = PBXBuildFile; fileRef = FB58AB6C1F1C533800AD5B2C /* SettlementDetailViewController.m */; };
		FB58AB701F1C539100AD5B2C /* PlayPlanViewController.m in Sources */ = {isa = PBXBuildFile; fileRef = FB58AB6F1F1C539100AD5B2C /* PlayPlanViewController.m */; };
		FB58AB8E1F1C71C900AD5B2C /* RespackageConsumeCell.m in Sources */ = {isa = PBXBuildFile; fileRef = FB58AB8C1F1C71C900AD5B2C /* RespackageConsumeCell.m */; };
		FB58AB8F1F1C71C900AD5B2C /* RespackageConsumeCell.xib in Resources */ = {isa = PBXBuildFile; fileRef = FB58AB8D1F1C71C900AD5B2C /* RespackageConsumeCell.xib */; };
		FB58AB931F1C746F00AD5B2C /* ChargeJournalingCell.m in Sources */ = {isa = PBXBuildFile; fileRef = FB58AB911F1C746F00AD5B2C /* ChargeJournalingCell.m */; };
		FB58AB941F1C746F00AD5B2C /* ChargeJournalingCell.xib in Resources */ = {isa = PBXBuildFile; fileRef = FB58AB921F1C746F00AD5B2C /* ChargeJournalingCell.xib */; };
		FB58AB971F1C982800AD5B2C /* NotSettlementGatherViewController.m in Sources */ = {isa = PBXBuildFile; fileRef = FB58AB961F1C982800AD5B2C /* NotSettlementGatherViewController.m */; };
		FB58AB9A1F1C989900AD5B2C /* NotSettlementDetailViewController.m in Sources */ = {isa = PBXBuildFile; fileRef = FB58AB991F1C989900AD5B2C /* NotSettlementDetailViewController.m */; };
		FB58AB9D1F1C98B600AD5B2C /* SettlementGatherViewController.m in Sources */ = {isa = PBXBuildFile; fileRef = FB58AB9C1F1C98B600AD5B2C /* SettlementGatherViewController.m */; };
		FB58ABA01F1C98F200AD5B2C /* AgentRebateViewController.m in Sources */ = {isa = PBXBuildFile; fileRef = FB58AB9F1F1C98F200AD5B2C /* AgentRebateViewController.m */; };
		FB7A5A0B1F1DF34C00805E63 /* ReceiptReviewCell.m in Sources */ = {isa = PBXBuildFile; fileRef = FB7A5A091F1DF34C00805E63 /* ReceiptReviewCell.m */; };
		FB7A5A0C1F1DF34C00805E63 /* ReceiptReviewCell.xib in Resources */ = {isa = PBXBuildFile; fileRef = FB7A5A0A1F1DF34C00805E63 /* ReceiptReviewCell.xib */; };
		FB7A5A101F1DF46C00805E63 /* RecepitReviewDetailController.m in Sources */ = {isa = PBXBuildFile; fileRef = FB7A5A0E1F1DF46C00805E63 /* RecepitReviewDetailController.m */; };
		FB7A5A111F1DF46C00805E63 /* RecepitReviewDetailController.xib in Resources */ = {isa = PBXBuildFile; fileRef = FB7A5A0F1F1DF46C00805E63 /* RecepitReviewDetailController.xib */; };
		FB7A5A171F1DFA5E00805E63 /* NSObject+Init.m in Sources */ = {isa = PBXBuildFile; fileRef = FB7A5A161F1DFA5E00805E63 /* NSObject+Init.m */; };
		FB7A5A1F1F1E094000805E63 /* UIImageView+Loading.m in Sources */ = {isa = PBXBuildFile; fileRef = FB7A5A1E1F1E094000805E63 /* UIImageView+Loading.m */; };
		FB7A5A221F1E0F6000805E63 /* UserCenterController.m in Sources */ = {isa = PBXBuildFile; fileRef = FB7A5A211F1E0F6000805E63 /* UserCenterController.m */; };
		FB7A5A251F1E14BB00805E63 /* WaveView.m in Sources */ = {isa = PBXBuildFile; fileRef = FB7A5A241F1E14BB00805E63 /* WaveView.m */; };
		FB822AA21F1A24FD001B8A1E /* LeftController.m in Sources */ = {isa = PBXBuildFile; fileRef = FB822AA01F1A24FD001B8A1E /* LeftController.m */; };
		FB822AA61F1A2521001B8A1E /* LeftItemCell.m in Sources */ = {isa = PBXBuildFile; fileRef = FB822AA41F1A2521001B8A1E /* LeftItemCell.m */; };
		FB822AA71F1A2521001B8A1E /* LeftItemCell.xib in Resources */ = {isa = PBXBuildFile; fileRef = FB822AA51F1A2521001B8A1E /* LeftItemCell.xib */; };
/* End PBXBuildFile section */

/* Begin PBXFileReference section */
		1C9DA1411A1E6D5BB5A15445 /* Pods-DuodianAdmoreWork.release.xcconfig */ = {isa = PBXFileReference; includeInIndex = 1; lastKnownFileType = text.xcconfig; name = "Pods-DuodianAdmoreWork.release.xcconfig"; path = "Pods/Target Support Files/Pods-DuodianAdmoreWork/Pods-DuodianAdmoreWork.release.xcconfig"; sourceTree = "<group>"; };
		2A80A276576F90CA9E643E3B /* Pods-DuodianAdmoreWork.debug.xcconfig */ = {isa = PBXFileReference; includeInIndex = 1; lastKnownFileType = text.xcconfig; name = "Pods-DuodianAdmoreWork.debug.xcconfig"; path = "Pods/Target Support Files/Pods-DuodianAdmoreWork/Pods-DuodianAdmoreWork.debug.xcconfig"; sourceTree = "<group>"; };
		4AF526B5A26AB13C6819C89D /* Pods_DuodianAdmoreWork.framework */ = {isa = PBXFileReference; explicitFileType = wrapper.framework; includeInIndex = 0; path = Pods_DuodianAdmoreWork.framework; sourceTree = BUILT_PRODUCTS_DIR; };
		FB3D730C1F172E44001E6D77 /* ColorGradualTool.h */ = {isa = PBXFileReference; fileEncoding = 4; lastKnownFileType = sourcecode.c.h; path = ColorGradualTool.h; sourceTree = "<group>"; };
		FB3D730D1F172E44001E6D77 /* ColorGradualTool.m */ = {isa = PBXFileReference; fileEncoding = 4; lastKnownFileType = sourcecode.c.objc; path = ColorGradualTool.m; sourceTree = "<group>"; };
		FB3D730F1F1754A5001E6D77 /* UIBarButtonItem+Extension.h */ = {isa = PBXFileReference; fileEncoding = 4; lastKnownFileType = sourcecode.c.h; path = "UIBarButtonItem+Extension.h"; sourceTree = "<group>"; };
		FB3D73101F1754A5001E6D77 /* UIBarButtonItem+Extension.m */ = {isa = PBXFileReference; fileEncoding = 4; lastKnownFileType = sourcecode.c.objc; path = "UIBarButtonItem+Extension.m"; sourceTree = "<group>"; };
		FB3D73161F17628C001E6D77 /* AutoCodeView.h */ = {isa = PBXFileReference; fileEncoding = 4; lastKnownFileType = sourcecode.c.h; path = AutoCodeView.h; sourceTree = "<group>"; };
		FB3D73171F17628C001E6D77 /* AutoCodeView.m */ = {isa = PBXFileReference; fileEncoding = 4; lastKnownFileType = sourcecode.c.objc; path = AutoCodeView.m; sourceTree = "<group>"; };
		FB3D731C1F176CFE001E6D77 /* LoginView.h */ = {isa = PBXFileReference; fileEncoding = 4; lastKnownFileType = sourcecode.c.h; path = LoginView.h; sourceTree = "<group>"; };
		FB3D731D1F176CFE001E6D77 /* LoginView.m */ = {isa = PBXFileReference; fileEncoding = 4; lastKnownFileType = sourcecode.c.objc; path = LoginView.m; sourceTree = "<group>"; };
		FB3D731F1F176D0A001E6D77 /* LoginView.xib */ = {isa = PBXFileReference; fileEncoding = 4; lastKnownFileType = file.xib; path = LoginView.xib; sourceTree = "<group>"; };
		FB3D73211F176D22001E6D77 /* RegisterView.h */ = {isa = PBXFileReference; fileEncoding = 4; lastKnownFileType = sourcecode.c.h; path = RegisterView.h; sourceTree = "<group>"; };
		FB3D73221F176D22001E6D77 /* RegisterView.m */ = {isa = PBXFileReference; fileEncoding = 4; lastKnownFileType = sourcecode.c.objc; path = RegisterView.m; sourceTree = "<group>"; };
		FB3D73241F176D34001E6D77 /* RegisterView.xib */ = {isa = PBXFileReference; fileEncoding = 4; lastKnownFileType = file.xib; path = RegisterView.xib; sourceTree = "<group>"; };
		FB3D73261F1770AA001E6D77 /* EntranceController.h */ = {isa = PBXFileReference; fileEncoding = 4; lastKnownFileType = sourcecode.c.h; path = EntranceController.h; sourceTree = "<group>"; };
		FB3D73271F1770AA001E6D77 /* EntranceController.m */ = {isa = PBXFileReference; fileEncoding = 4; lastKnownFileType = sourcecode.c.objc; path = EntranceController.m; sourceTree = "<group>"; };
		FB3D73291F177E6A001E6D77 /* ForgetPwdView.h */ = {isa = PBXFileReference; fileEncoding = 4; lastKnownFileType = sourcecode.c.h; path = ForgetPwdView.h; sourceTree = "<group>"; };
		FB3D732A1F177E6A001E6D77 /* ForgetPwdView.m */ = {isa = PBXFileReference; fileEncoding = 4; lastKnownFileType = sourcecode.c.objc; path = ForgetPwdView.m; sourceTree = "<group>"; };
		FB3D732C1F177E79001E6D77 /* ForgetPwdView.xib */ = {isa = PBXFileReference; fileEncoding = 4; lastKnownFileType = file.xib; path = ForgetPwdView.xib; sourceTree = "<group>"; };
		FB3D73901F1856A6001E6D77 /* DDTextField.h */ = {isa = PBXFileReference; fileEncoding = 4; lastKnownFileType = sourcecode.c.h; path = DDTextField.h; sourceTree = "<group>"; };
		FB3D73911F1856A6001E6D77 /* DDTextField.m */ = {isa = PBXFileReference; fileEncoding = 4; lastKnownFileType = sourcecode.c.objc; path = DDTextField.m; sourceTree = "<group>"; };
		FB3D73931F185B08001E6D77 /* PerfectInfoView.h */ = {isa = PBXFileReference; fileEncoding = 4; lastKnownFileType = sourcecode.c.h; path = PerfectInfoView.h; sourceTree = "<group>"; };
		FB3D73941F185B08001E6D77 /* PerfectInfoView.m */ = {isa = PBXFileReference; fileEncoding = 4; lastKnownFileType = sourcecode.c.objc; path = PerfectInfoView.m; sourceTree = "<group>"; };
		FB3D73961F185B16001E6D77 /* PerfectInfoView.xib */ = {isa = PBXFileReference; fileEncoding = 4; lastKnownFileType = file.xib; path = PerfectInfoView.xib; sourceTree = "<group>"; };
		FB4801251F1CA28E0040E5DC /* EffectDailyRecordViewController.h */ = {isa = PBXFileReference; fileEncoding = 4; lastKnownFileType = sourcecode.c.h; path = EffectDailyRecordViewController.h; sourceTree = "<group>"; };
		FB4801261F1CA28E0040E5DC /* EffectDailyRecordViewController.m */ = {isa = PBXFileReference; fileEncoding = 4; lastKnownFileType = sourcecode.c.objc; path = EffectDailyRecordViewController.m; sourceTree = "<group>"; };
		FB4801281F1CA2DC0040E5DC /* ReceiptCancelReviewViewController.h */ = {isa = PBXFileReference; fileEncoding = 4; lastKnownFileType = sourcecode.c.h; path = ReceiptCancelReviewViewController.h; sourceTree = "<group>"; };
		FB4801291F1CA2DC0040E5DC /* ReceiptCancelReviewViewController.m */ = {isa = PBXFileReference; fileEncoding = 4; lastKnownFileType = sourcecode.c.objc; path = ReceiptCancelReviewViewController.m; sourceTree = "<group>"; };
		FB48012B1F1CA3030040E5DC /* PlayGeneralizeViewController.h */ = {isa = PBXFileReference; fileEncoding = 4; lastKnownFileType = sourcecode.c.h; path = PlayGeneralizeViewController.h; sourceTree = "<group>"; };
		FB48012C1F1CA3030040E5DC /* PlayGeneralizeViewController.m */ = {isa = PBXFileReference; fileEncoding = 4; lastKnownFileType = sourcecode.c.objc; path = PlayGeneralizeViewController.m; sourceTree = "<group>"; };
		FB48012E1F1CA3670040E5DC /* AgentRebateViewCell.h */ = {isa = PBXFileReference; fileEncoding = 4; lastKnownFileType = sourcecode.c.h; path = AgentRebateViewCell.h; sourceTree = "<group>"; };
		FB48012F1F1CA3670040E5DC /* AgentRebateViewCell.m */ = {isa = PBXFileReference; fileEncoding = 4; lastKnownFileType = sourcecode.c.objc; path = AgentRebateViewCell.m; sourceTree = "<group>"; };
		FB4801301F1CA3670040E5DC /* AgentRebateViewCell.xib */ = {isa = PBXFileReference; fileEncoding = 4; lastKnownFileType = file.xib; path = AgentRebateViewCell.xib; sourceTree = "<group>"; };
		FB4B4A9B1F15BAAC005B52CB /* BaseViewController.h */ = {isa = PBXFileReference; fileEncoding = 4; lastKnownFileType = sourcecode.c.h; path = BaseViewController.h; sourceTree = "<group>"; };
		FB4B4A9C1F15BAAC005B52CB /* BaseViewController.m */ = {isa = PBXFileReference; fileEncoding = 4; lastKnownFileType = sourcecode.c.objc; path = BaseViewController.m; sourceTree = "<group>"; };
		FB4B4A9E1F15BAC6005B52CB /* BaseNavController.h */ = {isa = PBXFileReference; fileEncoding = 4; lastKnownFileType = sourcecode.c.h; path = BaseNavController.h; sourceTree = "<group>"; };
		FB4B4A9F1F15BAC6005B52CB /* BaseNavController.m */ = {isa = PBXFileReference; fileEncoding = 4; lastKnownFileType = sourcecode.c.objc; path = BaseNavController.m; sourceTree = "<group>"; };
		FB4B4AA11F15BB03005B52CB /* ToolMacro.h */ = {isa = PBXFileReference; fileEncoding = 4; lastKnownFileType = sourcecode.c.h; path = ToolMacro.h; sourceTree = "<group>"; };
		FB4B4AA21F15BBC0005B52CB /* PrefixHeader.pch */ = {isa = PBXFileReference; fileEncoding = 4; lastKnownFileType = sourcecode.c.h; path = PrefixHeader.pch; sourceTree = "<group>"; };
		FB4B4AA71F15BD84005B52CB /* User.storyboard */ = {isa = PBXFileReference; fileEncoding = 4; lastKnownFileType = file.storyboard; path = User.storyboard; sourceTree = "<group>"; };
		FB4B4B141F15FF11005B52CB /* InvoiceCancelController.h */ = {isa = PBXFileReference; fileEncoding = 4; lastKnownFileType = sourcecode.c.h; path = InvoiceCancelController.h; sourceTree = "<group>"; };
		FB4B4B151F15FF11005B52CB /* InvoiceCancelController.m */ = {isa = PBXFileReference; fileEncoding = 4; lastKnownFileType = sourcecode.c.objc; path = InvoiceCancelController.m; sourceTree = "<group>"; };
		FB4B4B171F15FF31005B52CB /* InvoiceCancelCell.h */ = {isa = PBXFileReference; fileEncoding = 4; lastKnownFileType = sourcecode.c.h; path = InvoiceCancelCell.h; sourceTree = "<group>"; };
		FB4B4B181F15FF31005B52CB /* InvoiceCancelCell.m */ = {isa = PBXFileReference; fileEncoding = 4; lastKnownFileType = sourcecode.c.objc; path = InvoiceCancelCell.m; sourceTree = "<group>"; };
		FB4B4B191F15FF31005B52CB /* InvoiceCancelCell.xib */ = {isa = PBXFileReference; fileEncoding = 4; lastKnownFileType = file.xib; path = InvoiceCancelCell.xib; sourceTree = "<group>"; };
		FB4B4B2F1F160EA4005B52CB /* WithdrawCheckController.h */ = {isa = PBXFileReference; fileEncoding = 4; lastKnownFileType = sourcecode.c.h; path = WithdrawCheckController.h; sourceTree = "<group>"; };
		FB4B4B301F160EA4005B52CB /* WithdrawCheckController.m */ = {isa = PBXFileReference; fileEncoding = 4; lastKnownFileType = sourcecode.c.objc; path = WithdrawCheckController.m; sourceTree = "<group>"; };
		FB4B4B321F160EC0005B52CB /* WithdrawCheckCell.h */ = {isa = PBXFileReference; fileEncoding = 4; lastKnownFileType = sourcecode.c.h; path = WithdrawCheckCell.h; sourceTree = "<group>"; };
		FB4B4B331F160EC0005B52CB /* WithdrawCheckCell.m */ = {isa = PBXFileReference; fileEncoding = 4; lastKnownFileType = sourcecode.c.objc; path = WithdrawCheckCell.m; sourceTree = "<group>"; };
		FB4B4B341F160EC0005B52CB /* WithdrawCheckCell.xib */ = {isa = PBXFileReference; fileEncoding = 4; lastKnownFileType = file.xib; path = WithdrawCheckCell.xib; sourceTree = "<group>"; };
		FB4B4B371F1611AF005B52CB /* ResourceUnsubscribeCheckController.h */ = {isa = PBXFileReference; fileEncoding = 4; lastKnownFileType = sourcecode.c.h; path = ResourceUnsubscribeCheckController.h; sourceTree = "<group>"; };
		FB4B4B381F1611AF005B52CB /* ResourceUnsubscribeCheckController.m */ = {isa = PBXFileReference; fileEncoding = 4; lastKnownFileType = sourcecode.c.objc; path = ResourceUnsubscribeCheckController.m; sourceTree = "<group>"; };
		FB4B4B3A1F1611EB005B52CB /* ResourceUnsubscribeCheckCell.h */ = {isa = PBXFileReference; fileEncoding = 4; lastKnownFileType = sourcecode.c.h; path = ResourceUnsubscribeCheckCell.h; sourceTree = "<group>"; };
		FB4B4B3B1F1611EB005B52CB /* ResourceUnsubscribeCheckCell.m */ = {isa = PBXFileReference; fileEncoding = 4; lastKnownFileType = sourcecode.c.objc; path = ResourceUnsubscribeCheckCell.m; sourceTree = "<group>"; };
		FB4B4B3C1F1611EB005B52CB /* ResourceUnsubscribeCheckCell.xib */ = {isa = PBXFileReference; fileEncoding = 4; lastKnownFileType = file.xib; path = ResourceUnsubscribeCheckCell.xib; sourceTree = "<group>"; };
		FB4B4B3F1F16144D005B52CB /* PreOpenInvoiceCheckController.h */ = {isa = PBXFileReference; fileEncoding = 4; lastKnownFileType = sourcecode.c.h; path = PreOpenInvoiceCheckController.h; sourceTree = "<group>"; };
		FB4B4B401F16144D005B52CB /* PreOpenInvoiceCheckController.m */ = {isa = PBXFileReference; fileEncoding = 4; lastKnownFileType = sourcecode.c.objc; path = PreOpenInvoiceCheckController.m; sourceTree = "<group>"; };
		FB4B4B451F16147E005B52CB /* PreOpenInvoiceCheckCell.h */ = {isa = PBXFileReference; fileEncoding = 4; lastKnownFileType = sourcecode.c.h; path = PreOpenInvoiceCheckCell.h; sourceTree = "<group>"; };
		FB4B4B461F16147E005B52CB /* PreOpenInvoiceCheckCell.m */ = {isa = PBXFileReference; fileEncoding = 4; lastKnownFileType = sourcecode.c.objc; path = PreOpenInvoiceCheckCell.m; sourceTree = "<group>"; };
		FB4B4B471F16147E005B52CB /* PreOpenInvoiceCheckCell.xib */ = {isa = PBXFileReference; fileEncoding = 4; lastKnownFileType = file.xib; path = PreOpenInvoiceCheckCell.xib; sourceTree = "<group>"; };
		FB4B4B521F161A44005B52CB /* CashFlowController.h */ = {isa = PBXFileReference; fileEncoding = 4; lastKnownFileType = sourcecode.c.h; path = CashFlowController.h; sourceTree = "<group>"; };
		FB4B4B531F161A44005B52CB /* CashFlowController.m */ = {isa = PBXFileReference; fileEncoding = 4; lastKnownFileType = sourcecode.c.objc; path = CashFlowController.m; sourceTree = "<group>"; };
		FB4B4B551F161A5D005B52CB /* CashFlowCell.h */ = {isa = PBXFileReference; fileEncoding = 4; lastKnownFileType = sourcecode.c.h; path = CashFlowCell.h; sourceTree = "<group>"; };
		FB4B4B561F161A5D005B52CB /* CashFlowCell.m */ = {isa = PBXFileReference; fileEncoding = 4; lastKnownFileType = sourcecode.c.objc; path = CashFlowCell.m; sourceTree = "<group>"; };
		FB4B4B571F161A5D005B52CB /* CashFlowCell.xib */ = {isa = PBXFileReference; fileEncoding = 4; lastKnownFileType = file.xib; path = CashFlowCell.xib; sourceTree = "<group>"; };
		FB4B4B621F161E52005B52CB /* AppMacro.h */ = {isa = PBXFileReference; fileEncoding = 4; lastKnownFileType = sourcecode.c.h; path = AppMacro.h; sourceTree = "<group>"; };
		FB4B4B631F1620D9005B52CB /* NetWorkManager.h */ = {isa = PBXFileReference; fileEncoding = 4; lastKnownFileType = sourcecode.c.h; path = NetWorkManager.h; sourceTree = "<group>"; };
		FB4B4B641F1620D9005B52CB /* NetWorkManager.m */ = {isa = PBXFileReference; fileEncoding = 4; lastKnownFileType = sourcecode.c.objc; path = NetWorkManager.m; sourceTree = "<group>"; };
		FB4B4B671F162D8F005B52CB /* AdmoreTool.h */ = {isa = PBXFileReference; fileEncoding = 4; lastKnownFileType = sourcecode.c.h; path = AdmoreTool.h; sourceTree = "<group>"; };
		FB4B4B681F162D8F005B52CB /* AdmoreTool.m */ = {isa = PBXFileReference; fileEncoding = 4; lastKnownFileType = sourcecode.c.objc; path = AdmoreTool.m; sourceTree = "<group>"; };
		FB517D1F1F14DF0500DDAFA2 /* DuodianAdmoreWork.app */ = {isa = PBXFileReference; explicitFileType = wrapper.application; includeInIndex = 0; path = DuodianAdmoreWork.app; sourceTree = BUILT_PRODUCTS_DIR; };
		FB517D231F14DF0500DDAFA2 /* main.m */ = {isa = PBXFileReference; lastKnownFileType = sourcecode.c.objc; path = main.m; sourceTree = "<group>"; };
		FB517D251F14DF0500DDAFA2 /* AppDelegate.h */ = {isa = PBXFileReference; lastKnownFileType = sourcecode.c.h; path = AppDelegate.h; sourceTree = "<group>"; };
		FB517D261F14DF0500DDAFA2 /* AppDelegate.m */ = {isa = PBXFileReference; lastKnownFileType = sourcecode.c.objc; path = AppDelegate.m; sourceTree = "<group>"; };
		FB517D2E1F14DF0500DDAFA2 /* Assets.xcassets */ = {isa = PBXFileReference; lastKnownFileType = folder.assetcatalog; path = Assets.xcassets; sourceTree = "<group>"; };
		FB517D311F14DF0500DDAFA2 /* Base */ = {isa = PBXFileReference; lastKnownFileType = file.storyboard; name = Base; path = Base.lproj/LaunchScreen.storyboard; sourceTree = "<group>"; };
		FB517D331F14DF0500DDAFA2 /* Info.plist */ = {isa = PBXFileReference; lastKnownFileType = text.plist.xml; path = Info.plist; sourceTree = "<group>"; };
		FB58AB441F1C4F8100AD5B2C /* CensusDataViewController.h */ = {isa = PBXFileReference; fileEncoding = 4; lastKnownFileType = sourcecode.c.h; path = CensusDataViewController.h; sourceTree = "<group>"; };
		FB58AB451F1C4F8100AD5B2C /* CensusDataViewController.m */ = {isa = PBXFileReference; fileEncoding = 4; lastKnownFileType = sourcecode.c.objc; path = CensusDataViewController.m; sourceTree = "<group>"; };
		FB58AB471F1C4FA300AD5B2C /* ReceiptReviewViewController.h */ = {isa = PBXFileReference; fileEncoding = 4; lastKnownFileType = sourcecode.c.h; path = ReceiptReviewViewController.h; sourceTree = "<group>"; };
		FB58AB481F1C4FA300AD5B2C /* ReceiptReviewViewController.m */ = {isa = PBXFileReference; fileEncoding = 4; lastKnownFileType = sourcecode.c.objc; path = ReceiptReviewViewController.m; sourceTree = "<group>"; };
		FB58AB4A1F1C4FC000AD5B2C /* AlreadyOpenReceiptViewController.h */ = {isa = PBXFileReference; fileEncoding = 4; lastKnownFileType = sourcecode.c.h; path = AlreadyOpenReceiptViewController.h; sourceTree = "<group>"; };
		FB58AB4B1F1C4FC000AD5B2C /* AlreadyOpenReceiptViewController.m */ = {isa = PBXFileReference; fileEncoding = 4; lastKnownFileType = sourcecode.c.objc; path = AlreadyOpenReceiptViewController.m; sourceTree = "<group>"; };
		FB58AB4D1F1C4FE400AD5B2C /* ChargeJournalingViewController.h */ = {isa = PBXFileReference; fileEncoding = 4; lastKnownFileType = sourcecode.c.h; path = ChargeJournalingViewController.h; sourceTree = "<group>"; };
		FB58AB4E1F1C4FE400AD5B2C /* ChargeJournalingViewController.m */ = {isa = PBXFileReference; fileEncoding = 4; lastKnownFileType = sourcecode.c.objc; path = ChargeJournalingViewController.m; sourceTree = "<group>"; };
		FB58AB501F1C505100AD5B2C /* CashStreamViewController.h */ = {isa = PBXFileReference; fileEncoding = 4; lastKnownFileType = sourcecode.c.h; path = CashStreamViewController.h; sourceTree = "<group>"; };
		FB58AB511F1C505100AD5B2C /* CashStreamViewController.m */ = {isa = PBXFileReference; fileEncoding = 4; lastKnownFileType = sourcecode.c.objc; path = CashStreamViewController.m; sourceTree = "<group>"; };
		FB58AB561F1C515500AD5B2C /* UnsubscribeReviewViewController.h */ = {isa = PBXFileReference; fileEncoding = 4; lastKnownFileType = sourcecode.c.h; path = UnsubscribeReviewViewController.h; sourceTree = "<group>"; };
		FB58AB571F1C515500AD5B2C /* UnsubscribeReviewViewController.m */ = {isa = PBXFileReference; fileEncoding = 4; lastKnownFileType = sourcecode.c.objc; path = UnsubscribeReviewViewController.m; sourceTree = "<group>"; };
		FB58AB591F1C51B700AD5B2C /* resourceBuyRecordViewController.h */ = {isa = PBXFileReference; fileEncoding = 4; lastKnownFileType = sourcecode.c.h; path = resourceBuyRecordViewController.h; sourceTree = "<group>"; };
		FB58AB5A1F1C51B700AD5B2C /* resourceBuyRecordViewController.m */ = {isa = PBXFileReference; fileEncoding = 4; lastKnownFileType = sourcecode.c.objc; path = resourceBuyRecordViewController.m; sourceTree = "<group>"; };
		FB58AB5F1F1C523500AD5B2C /* PreOpneReceiptViewController.h */ = {isa = PBXFileReference; fileEncoding = 4; lastKnownFileType = sourcecode.c.h; path = PreOpneReceiptViewController.h; sourceTree = "<group>"; };
		FB58AB601F1C523500AD5B2C /* PreOpneReceiptViewController.m */ = {isa = PBXFileReference; fileEncoding = 4; lastKnownFileType = sourcecode.c.objc; path = PreOpneReceiptViewController.m; sourceTree = "<group>"; };
		FB58AB621F1C525900AD5B2C /* RespackageConsumeDetailViewController.h */ = {isa = PBXFileReference; fileEncoding = 4; lastKnownFileType = sourcecode.c.h; path = RespackageConsumeDetailViewController.h; sourceTree = "<group>"; };
		FB58AB631F1C525900AD5B2C /* RespackageConsumeDetailViewController.m */ = {isa = PBXFileReference; fileEncoding = 4; lastKnownFileType = sourcecode.c.objc; path = RespackageConsumeDetailViewController.m; sourceTree = "<group>"; };
		FB58AB681F1C530E00AD5B2C /* PreOpenReceiptReviewViewController.h */ = {isa = PBXFileReference; fileEncoding = 4; lastKnownFileType = sourcecode.c.h; path = PreOpenReceiptReviewViewController.h; sourceTree = "<group>"; };
		FB58AB691F1C530E00AD5B2C /* PreOpenReceiptReviewViewController.m */ = {isa = PBXFileReference; fileEncoding = 4; lastKnownFileType = sourcecode.c.objc; path = PreOpenReceiptReviewViewController.m; sourceTree = "<group>"; };
		FB58AB6B1F1C533800AD5B2C /* SettlementDetailViewController.h */ = {isa = PBXFileReference; fileEncoding = 4; lastKnownFileType = sourcecode.c.h; path = SettlementDetailViewController.h; sourceTree = "<group>"; };
		FB58AB6C1F1C533800AD5B2C /* SettlementDetailViewController.m */ = {isa = PBXFileReference; fileEncoding = 4; lastKnownFileType = sourcecode.c.objc; path = SettlementDetailViewController.m; sourceTree = "<group>"; };
		FB58AB6E1F1C539100AD5B2C /* PlayPlanViewController.h */ = {isa = PBXFileReference; fileEncoding = 4; lastKnownFileType = sourcecode.c.h; path = PlayPlanViewController.h; sourceTree = "<group>"; };
		FB58AB6F1F1C539100AD5B2C /* PlayPlanViewController.m */ = {isa = PBXFileReference; fileEncoding = 4; lastKnownFileType = sourcecode.c.objc; path = PlayPlanViewController.m; sourceTree = "<group>"; };
		FB58AB8B1F1C71C900AD5B2C /* RespackageConsumeCell.h */ = {isa = PBXFileReference; fileEncoding = 4; lastKnownFileType = sourcecode.c.h; path = RespackageConsumeCell.h; sourceTree = "<group>"; };
		FB58AB8C1F1C71C900AD5B2C /* RespackageConsumeCell.m */ = {isa = PBXFileReference; fileEncoding = 4; lastKnownFileType = sourcecode.c.objc; path = RespackageConsumeCell.m; sourceTree = "<group>"; };
		FB58AB8D1F1C71C900AD5B2C /* RespackageConsumeCell.xib */ = {isa = PBXFileReference; fileEncoding = 4; lastKnownFileType = file.xib; path = RespackageConsumeCell.xib; sourceTree = "<group>"; };
		FB58AB901F1C746F00AD5B2C /* ChargeJournalingCell.h */ = {isa = PBXFileReference; fileEncoding = 4; lastKnownFileType = sourcecode.c.h; path = ChargeJournalingCell.h; sourceTree = "<group>"; };
		FB58AB911F1C746F00AD5B2C /* ChargeJournalingCell.m */ = {isa = PBXFileReference; fileEncoding = 4; lastKnownFileType = sourcecode.c.objc; path = ChargeJournalingCell.m; sourceTree = "<group>"; };
		FB58AB921F1C746F00AD5B2C /* ChargeJournalingCell.xib */ = {isa = PBXFileReference; fileEncoding = 4; lastKnownFileType = file.xib; path = ChargeJournalingCell.xib; sourceTree = "<group>"; };
		FB58AB951F1C982800AD5B2C /* NotSettlementGatherViewController.h */ = {isa = PBXFileReference; fileEncoding = 4; lastKnownFileType = sourcecode.c.h; path = NotSettlementGatherViewController.h; sourceTree = "<group>"; };
		FB58AB961F1C982800AD5B2C /* NotSettlementGatherViewController.m */ = {isa = PBXFileReference; fileEncoding = 4; lastKnownFileType = sourcecode.c.objc; path = NotSettlementGatherViewController.m; sourceTree = "<group>"; };
		FB58AB981F1C989900AD5B2C /* NotSettlementDetailViewController.h */ = {isa = PBXFileReference; fileEncoding = 4; lastKnownFileType = sourcecode.c.h; path = NotSettlementDetailViewController.h; sourceTree = "<group>"; };
		FB58AB991F1C989900AD5B2C /* NotSettlementDetailViewController.m */ = {isa = PBXFileReference; fileEncoding = 4; lastKnownFileType = sourcecode.c.objc; path = NotSettlementDetailViewController.m; sourceTree = "<group>"; };
		FB58AB9B1F1C98B600AD5B2C /* SettlementGatherViewController.h */ = {isa = PBXFileReference; fileEncoding = 4; lastKnownFileType = sourcecode.c.h; path = SettlementGatherViewController.h; sourceTree = "<group>"; };
		FB58AB9C1F1C98B600AD5B2C /* SettlementGatherViewController.m */ = {isa = PBXFileReference; fileEncoding = 4; lastKnownFileType = sourcecode.c.objc; path = SettlementGatherViewController.m; sourceTree = "<group>"; };
		FB58AB9E1F1C98F200AD5B2C /* AgentRebateViewController.h */ = {isa = PBXFileReference; fileEncoding = 4; lastKnownFileType = sourcecode.c.h; path = AgentRebateViewController.h; sourceTree = "<group>"; };
		FB58AB9F1F1C98F200AD5B2C /* AgentRebateViewController.m */ = {isa = PBXFileReference; fileEncoding = 4; lastKnownFileType = sourcecode.c.objc; path = AgentRebateViewController.m; sourceTree = "<group>"; };
		FB7A5A051F1DC51F00805E63 /* DuodianAdmoreWork-Bridging-Header.h */ = {isa = PBXFileReference; lastKnownFileType = sourcecode.c.h; path = "DuodianAdmoreWork-Bridging-Header.h"; sourceTree = "<group>"; };
		FB7A5A081F1DF34C00805E63 /* ReceiptReviewCell.h */ = {isa = PBXFileReference; fileEncoding = 4; lastKnownFileType = sourcecode.c.h; path = ReceiptReviewCell.h; sourceTree = "<group>"; };
		FB7A5A091F1DF34C00805E63 /* ReceiptReviewCell.m */ = {isa = PBXFileReference; fileEncoding = 4; lastKnownFileType = sourcecode.c.objc; path = ReceiptReviewCell.m; sourceTree = "<group>"; };
		FB7A5A0A1F1DF34C00805E63 /* ReceiptReviewCell.xib */ = {isa = PBXFileReference; fileEncoding = 4; lastKnownFileType = file.xib; path = ReceiptReviewCell.xib; sourceTree = "<group>"; };
		FB7A5A0D1F1DF46C00805E63 /* RecepitReviewDetailController.h */ = {isa = PBXFileReference; fileEncoding = 4; lastKnownFileType = sourcecode.c.h; path = RecepitReviewDetailController.h; sourceTree = "<group>"; };
		FB7A5A0E1F1DF46C00805E63 /* RecepitReviewDetailController.m */ = {isa = PBXFileReference; fileEncoding = 4; lastKnownFileType = sourcecode.c.objc; path = RecepitReviewDetailController.m; sourceTree = "<group>"; };
		FB7A5A0F1F1DF46C00805E63 /* RecepitReviewDetailController.xib */ = {isa = PBXFileReference; fileEncoding = 4; lastKnownFileType = file.xib; path = RecepitReviewDetailController.xib; sourceTree = "<group>"; };
		FB7A5A151F1DFA5E00805E63 /* NSObject+Init.h */ = {isa = PBXFileReference; fileEncoding = 4; lastKnownFileType = sourcecode.c.h; path = "NSObject+Init.h"; sourceTree = "<group>"; };
		FB7A5A161F1DFA5E00805E63 /* NSObject+Init.m */ = {isa = PBXFileReference; fileEncoding = 4; lastKnownFileType = sourcecode.c.objc; path = "NSObject+Init.m"; sourceTree = "<group>"; };
		FB7A5A1D1F1E094000805E63 /* UIImageView+Loading.h */ = {isa = PBXFileReference; fileEncoding = 4; lastKnownFileType = sourcecode.c.h; path = "UIImageView+Loading.h"; sourceTree = "<group>"; };
		FB7A5A1E1F1E094000805E63 /* UIImageView+Loading.m */ = {isa = PBXFileReference; fileEncoding = 4; lastKnownFileType = sourcecode.c.objc; path = "UIImageView+Loading.m"; sourceTree = "<group>"; };
		FB7A5A201F1E0F6000805E63 /* UserCenterController.h */ = {isa = PBXFileReference; fileEncoding = 4; lastKnownFileType = sourcecode.c.h; path = UserCenterController.h; sourceTree = "<group>"; };
		FB7A5A211F1E0F6000805E63 /* UserCenterController.m */ = {isa = PBXFileReference; fileEncoding = 4; lastKnownFileType = sourcecode.c.objc; path = UserCenterController.m; sourceTree = "<group>"; };
		FB7A5A231F1E14BB00805E63 /* WaveView.h */ = {isa = PBXFileReference; fileEncoding = 4; lastKnownFileType = sourcecode.c.h; path = WaveView.h; sourceTree = "<group>"; };
		FB7A5A241F1E14BB00805E63 /* WaveView.m */ = {isa = PBXFileReference; fileEncoding = 4; lastKnownFileType = sourcecode.c.objc; path = WaveView.m; sourceTree = "<group>"; };
		FB822A9F1F1A24FD001B8A1E /* LeftController.h */ = {isa = PBXFileReference; fileEncoding = 4; lastKnownFileType = sourcecode.c.h; path = LeftController.h; sourceTree = "<group>"; };
		FB822AA01F1A24FD001B8A1E /* LeftController.m */ = {isa = PBXFileReference; fileEncoding = 4; lastKnownFileType = sourcecode.c.objc; path = LeftController.m; sourceTree = "<group>"; };
		FB822AA31F1A2521001B8A1E /* LeftItemCell.h */ = {isa = PBXFileReference; fileEncoding = 4; lastKnownFileType = sourcecode.c.h; path = LeftItemCell.h; sourceTree = "<group>"; };
		FB822AA41F1A2521001B8A1E /* LeftItemCell.m */ = {isa = PBXFileReference; fileEncoding = 4; lastKnownFileType = sourcecode.c.objc; path = LeftItemCell.m; sourceTree = "<group>"; };
		FB822AA51F1A2521001B8A1E /* LeftItemCell.xib */ = {isa = PBXFileReference; fileEncoding = 4; lastKnownFileType = file.xib; path = LeftItemCell.xib; sourceTree = "<group>"; };
/* End PBXFileReference section */

/* Begin PBXFrameworksBuildPhase section */
		FB517D1C1F14DF0500DDAFA2 /* Frameworks */ = {
			isa = PBXFrameworksBuildPhase;
			buildActionMask = 2147483647;
			files = (
				A673C1CA463FDCBB004EECC7 /* Pods_DuodianAdmoreWork.framework in Frameworks */,
			);
			runOnlyForDeploymentPostprocessing = 0;
		};
/* End PBXFrameworksBuildPhase section */

/* Begin PBXGroup section */
		044AB4EB0121D4A52E433BF2 /* Pods */ = {
			isa = PBXGroup;
			children = (
				2A80A276576F90CA9E643E3B /* Pods-DuodianAdmoreWork.debug.xcconfig */,
				1C9DA1411A1E6D5BB5A15445 /* Pods-DuodianAdmoreWork.release.xcconfig */,
			);
			name = Pods;
			sourceTree = "<group>";
		};
		B36DFCD3826C60C9A0B54A15 /* Frameworks */ = {
			isa = PBXGroup;
			children = (
				4AF526B5A26AB13C6819C89D /* Pods_DuodianAdmoreWork.framework */,
			);
			name = Frameworks;
			sourceTree = "<group>";
		};
		FB3D73151F176278001E6D77 /* Custom */ = {
			isa = PBXGroup;
			children = (
				FB3D73161F17628C001E6D77 /* AutoCodeView.h */,
				FB3D73171F17628C001E6D77 /* AutoCodeView.m */,
				FB3D73901F1856A6001E6D77 /* DDTextField.h */,
				FB3D73911F1856A6001E6D77 /* DDTextField.m */,
			);
			path = Custom;
			sourceTree = "<group>";
		};
		FB4B4A931F15B735005B52CB /* Expand */ = {
			isa = PBXGroup;
			children = (
				FB3D73151F176278001E6D77 /* Custom */,
				FB4B4B661F162D7B005B52CB /* Tool */,
				FB4B4A941F15B735005B52CB /* Category */,
				FB4B4A951F15B735005B52CB /* Macro */,
				FB4B4A961F15B735005B52CB /* Network */,
			);
			path = Expand;
			sourceTree = "<group>";
		};
		FB4B4A941F15B735005B52CB /* Category */ = {
			isa = PBXGroup;
			children = (
				FB3D730F1F1754A5001E6D77 /* UIBarButtonItem+Extension.h */,
				FB3D73101F1754A5001E6D77 /* UIBarButtonItem+Extension.m */,
				FB7A5A151F1DFA5E00805E63 /* NSObject+Init.h */,
				FB7A5A161F1DFA5E00805E63 /* NSObject+Init.m */,
				FB7A5A1D1F1E094000805E63 /* UIImageView+Loading.h */,
				FB7A5A1E1F1E094000805E63 /* UIImageView+Loading.m */,
			);
			path = Category;
			sourceTree = "<group>";
		};
		FB4B4A951F15B735005B52CB /* Macro */ = {
			isa = PBXGroup;
			children = (
				FB4B4AA11F15BB03005B52CB /* ToolMacro.h */,
				FB4B4B621F161E52005B52CB /* AppMacro.h */,
			);
			path = Macro;
			sourceTree = "<group>";
		};
		FB4B4A961F15B735005B52CB /* Network */ = {
			isa = PBXGroup;
			children = (
				FB4B4B631F1620D9005B52CB /* NetWorkManager.h */,
				FB4B4B641F1620D9005B52CB /* NetWorkManager.m */,
			);
			path = Network;
			sourceTree = "<group>";
		};
		FB4B4A971F15B735005B52CB /* General */ = {
			isa = PBXGroup;
			children = (
				FB4B4AB61F15FA73005B52CB /* Main */,
				FB4B4AB21F15CEB7005B52CB /* Left */,
				FB4B4A9A1F15B988005B52CB /* Base */,
				FB4B4AA31F15BD23005B52CB /* User */,
			);
			path = General;
			sourceTree = "<group>";
		};
		FB4B4A981F15B735005B52CB /* Resource */ = {
			isa = PBXGroup;
			children = (
			);
			path = Resource;
			sourceTree = "<group>";
		};
		FB4B4A991F15B735005B52CB /* Vender */ = {
			isa = PBXGroup;
			children = (
			);
			path = Vender;
			sourceTree = "<group>";
		};
		FB4B4A9A1F15B988005B52CB /* Base */ = {
			isa = PBXGroup;
			children = (
				FB4B4A9B1F15BAAC005B52CB /* BaseViewController.h */,
				FB4B4A9C1F15BAAC005B52CB /* BaseViewController.m */,
				FB4B4A9E1F15BAC6005B52CB /* BaseNavController.h */,
				FB4B4A9F1F15BAC6005B52CB /* BaseNavController.m */,
			);
			path = Base;
			sourceTree = "<group>";
		};
		FB4B4AA31F15BD23005B52CB /* User */ = {
			isa = PBXGroup;
			children = (
				FB4B4AA41F15BD23005B52CB /* Controller */,
				FB4B4AA51F15BD23005B52CB /* Model */,
				FB4B4AA61F15BD23005B52CB /* View */,
				FB4B4AA71F15BD84005B52CB /* User.storyboard */,
			);
			path = User;
			sourceTree = "<group>";
		};
		FB4B4AA41F15BD23005B52CB /* Controller */ = {
			isa = PBXGroup;
			children = (
				FB3D73261F1770AA001E6D77 /* EntranceController.h */,
				FB3D73271F1770AA001E6D77 /* EntranceController.m */,
				FB7A5A201F1E0F6000805E63 /* UserCenterController.h */,
				FB7A5A211F1E0F6000805E63 /* UserCenterController.m */,
			);
			path = Controller;
			sourceTree = "<group>";
		};
		FB4B4AA51F15BD23005B52CB /* Model */ = {
			isa = PBXGroup;
			children = (
			);
			path = Model;
			sourceTree = "<group>";
		};
		FB4B4AA61F15BD23005B52CB /* View */ = {
			isa = PBXGroup;
			children = (
				FB3D731C1F176CFE001E6D77 /* LoginView.h */,
				FB3D731D1F176CFE001E6D77 /* LoginView.m */,
				FB3D731F1F176D0A001E6D77 /* LoginView.xib */,
				FB3D73211F176D22001E6D77 /* RegisterView.h */,
				FB3D73221F176D22001E6D77 /* RegisterView.m */,
				FB3D73241F176D34001E6D77 /* RegisterView.xib */,
				FB3D73291F177E6A001E6D77 /* ForgetPwdView.h */,
				FB3D732A1F177E6A001E6D77 /* ForgetPwdView.m */,
				FB3D732C1F177E79001E6D77 /* ForgetPwdView.xib */,
				FB3D73931F185B08001E6D77 /* PerfectInfoView.h */,
				FB3D73941F185B08001E6D77 /* PerfectInfoView.m */,
				FB3D73961F185B16001E6D77 /* PerfectInfoView.xib */,
				FB7A5A231F1E14BB00805E63 /* WaveView.h */,
				FB7A5A241F1E14BB00805E63 /* WaveView.m */,
			);
			path = View;
			sourceTree = "<group>";
		};
		FB4B4AB21F15CEB7005B52CB /* Left */ = {
			isa = PBXGroup;
			children = (
				FB822A9E1F1A24FD001B8A1E /* Controller */,
				FB822AA11F1A24FD001B8A1E /* View */,
			);
			path = Left;
			sourceTree = "<group>";
		};
		FB4B4AB61F15FA73005B52CB /* Main */ = {
			isa = PBXGroup;
			children = (
				FB4B4ABC1F15FC74005B52CB /* 统计数据 */,
				FB4B4AC01F15FE3E005B52CB /* 不结算汇总 */,
				FB4B4AC41F15FE3E005B52CB /* 不结算明细 */,
				FB4B4AC81F15FE3E005B52CB /* 充值报表 */,
				FB4B4ACC1F15FE3E005B52CB /* 代理消耗返点 */,
				FB4B4AD01F15FE3E005B52CB /* 发票信息审核 */,
				FB4B4AD41F15FE3E005B52CB /* 发票作废审核 */,
				FB4B4AD81F15FE3E005B52CB /* 广告主提现审核 */,
				FB4B4ADC1F15FE3E005B52CB /* 试客计划 */,
				FB4B4AE01F15FE3E005B52CB /* 试客推广 */,
				FB4B4AE41F15FE3E005B52CB /* 细算汇总 */,
				FB4B4AE81F15FE3E005B52CB /* 细算明细 */,
				FB4B4AEC1F15FE3E005B52CB /* 现金流水 */,
				FB4B4AF01F15FE3E005B52CB /* 效果日报 */,
				FB4B4AF41F15FE3E005B52CB /* 已开发票 */,
				FB4B4AF81F15FE3E005B52CB /* 预开发票 */,
				FB4B4AFC1F15FE3E005B52CB /* 预开发票审核 */,
				FB4B4B001F15FE3E005B52CB /* 资源包购买记录 */,
				FB4B4B041F15FE3E005B52CB /* 资源包退订审核 */,
				FB4B4B081F15FE3E005B52CB /* 资源包消耗明细 */,
				FB4B4B0C1F15FE3E005B52CB /* Play计划 */,
				FB4B4B101F15FE3E005B52CB /* Play推广 */,
			);
			path = Main;
			sourceTree = "<group>";
		};
		FB4B4ABC1F15FC74005B52CB /* 统计数据 */ = {
			isa = PBXGroup;
			children = (
				FB4B4ABD1F15FC74005B52CB /* Controller */,
				FB4B4ABE1F15FC74005B52CB /* Model */,
				FB4B4ABF1F15FC74005B52CB /* View */,
			);
			path = "统计数据";
			sourceTree = "<group>";
		};
		FB4B4ABD1F15FC74005B52CB /* Controller */ = {
			isa = PBXGroup;
			children = (
				FB58AB441F1C4F8100AD5B2C /* CensusDataViewController.h */,
				FB58AB451F1C4F8100AD5B2C /* CensusDataViewController.m */,
			);
			path = Controller;
			sourceTree = "<group>";
		};
		FB4B4ABE1F15FC74005B52CB /* Model */ = {
			isa = PBXGroup;
			children = (
			);
			path = Model;
			sourceTree = "<group>";
		};
		FB4B4ABF1F15FC74005B52CB /* View */ = {
			isa = PBXGroup;
			children = (
			);
			path = View;
			sourceTree = "<group>";
		};
		FB4B4AC01F15FE3E005B52CB /* 不结算汇总 */ = {
			isa = PBXGroup;
			children = (
				FB4B4AC11F15FE3E005B52CB /* Controller */,
				FB4B4AC21F15FE3E005B52CB /* Model */,
				FB4B4AC31F15FE3E005B52CB /* View */,
			);
			path = "不结算汇总";
			sourceTree = "<group>";
		};
		FB4B4AC11F15FE3E005B52CB /* Controller */ = {
			isa = PBXGroup;
			children = (
				FB58AB951F1C982800AD5B2C /* NotSettlementGatherViewController.h */,
				FB58AB961F1C982800AD5B2C /* NotSettlementGatherViewController.m */,
			);
			path = Controller;
			sourceTree = "<group>";
		};
		FB4B4AC21F15FE3E005B52CB /* Model */ = {
			isa = PBXGroup;
			children = (
			);
			path = Model;
			sourceTree = "<group>";
		};
		FB4B4AC31F15FE3E005B52CB /* View */ = {
			isa = PBXGroup;
			children = (
			);
			path = View;
			sourceTree = "<group>";
		};
		FB4B4AC41F15FE3E005B52CB /* 不结算明细 */ = {
			isa = PBXGroup;
			children = (
				FB4B4AC51F15FE3E005B52CB /* Controller */,
				FB4B4AC61F15FE3E005B52CB /* Model */,
				FB4B4AC71F15FE3E005B52CB /* View */,
			);
			path = "不结算明细";
			sourceTree = "<group>";
		};
		FB4B4AC51F15FE3E005B52CB /* Controller */ = {
			isa = PBXGroup;
			children = (
				FB58AB981F1C989900AD5B2C /* NotSettlementDetailViewController.h */,
				FB58AB991F1C989900AD5B2C /* NotSettlementDetailViewController.m */,
			);
			path = Controller;
			sourceTree = "<group>";
		};
		FB4B4AC61F15FE3E005B52CB /* Model */ = {
			isa = PBXGroup;
			children = (
			);
			path = Model;
			sourceTree = "<group>";
		};
		FB4B4AC71F15FE3E005B52CB /* View */ = {
			isa = PBXGroup;
			children = (
			);
			path = View;
			sourceTree = "<group>";
		};
		FB4B4AC81F15FE3E005B52CB /* 充值报表 */ = {
			isa = PBXGroup;
			children = (
				FB4B4AC91F15FE3E005B52CB /* Controller */,
				FB4B4ACA1F15FE3E005B52CB /* Model */,
				FB4B4ACB1F15FE3E005B52CB /* View */,
			);
			path = "充值报表";
			sourceTree = "<group>";
		};
		FB4B4AC91F15FE3E005B52CB /* Controller */ = {
			isa = PBXGroup;
			children = (
				FB58AB4D1F1C4FE400AD5B2C /* ChargeJournalingViewController.h */,
				FB58AB4E1F1C4FE400AD5B2C /* ChargeJournalingViewController.m */,
			);
			path = Controller;
			sourceTree = "<group>";
		};
		FB4B4ACA1F15FE3E005B52CB /* Model */ = {
			isa = PBXGroup;
			children = (
			);
			path = Model;
			sourceTree = "<group>";
		};
		FB4B4ACB1F15FE3E005B52CB /* View */ = {
			isa = PBXGroup;
			children = (
				FB58AB901F1C746F00AD5B2C /* ChargeJournalingCell.h */,
				FB58AB911F1C746F00AD5B2C /* ChargeJournalingCell.m */,
				FB58AB921F1C746F00AD5B2C /* ChargeJournalingCell.xib */,
			);
			path = View;
			sourceTree = "<group>";
		};
		FB4B4ACC1F15FE3E005B52CB /* 代理消耗返点 */ = {
			isa = PBXGroup;
			children = (
				FB4B4ACD1F15FE3E005B52CB /* Controller */,
				FB4B4ACE1F15FE3E005B52CB /* Model */,
				FB4B4ACF1F15FE3E005B52CB /* View */,
			);
			path = "代理消耗返点";
			sourceTree = "<group>";
		};
		FB4B4ACD1F15FE3E005B52CB /* Controller */ = {
			isa = PBXGroup;
			children = (
				FB58AB9E1F1C98F200AD5B2C /* AgentRebateViewController.h */,
				FB58AB9F1F1C98F200AD5B2C /* AgentRebateViewController.m */,
			);
			path = Controller;
			sourceTree = "<group>";
		};
		FB4B4ACE1F15FE3E005B52CB /* Model */ = {
			isa = PBXGroup;
			children = (
			);
			path = Model;
			sourceTree = "<group>";
		};
		FB4B4ACF1F15FE3E005B52CB /* View */ = {
			isa = PBXGroup;
			children = (
				FB48012E1F1CA3670040E5DC /* AgentRebateViewCell.h */,
				FB48012F1F1CA3670040E5DC /* AgentRebateViewCell.m */,
				FB4801301F1CA3670040E5DC /* AgentRebateViewCell.xib */,
			);
			path = View;
			sourceTree = "<group>";
		};
		FB4B4AD01F15FE3E005B52CB /* 发票信息审核 */ = {
			isa = PBXGroup;
			children = (
				FB4B4AD11F15FE3E005B52CB /* Controller */,
				FB4B4AD21F15FE3E005B52CB /* Model */,
				FB4B4AD31F15FE3E005B52CB /* View */,
			);
			path = "发票信息审核";
			sourceTree = "<group>";
		};
		FB4B4AD11F15FE3E005B52CB /* Controller */ = {
			isa = PBXGroup;
			children = (
				FB58AB471F1C4FA300AD5B2C /* ReceiptReviewViewController.h */,
				FB58AB481F1C4FA300AD5B2C /* ReceiptReviewViewController.m */,
				FB7A5A0D1F1DF46C00805E63 /* RecepitReviewDetailController.h */,
				FB7A5A0E1F1DF46C00805E63 /* RecepitReviewDetailController.m */,
				FB7A5A0F1F1DF46C00805E63 /* RecepitReviewDetailController.xib */,
			);
			path = Controller;
			sourceTree = "<group>";
		};
		FB4B4AD21F15FE3E005B52CB /* Model */ = {
			isa = PBXGroup;
			children = (
			);
			path = Model;
			sourceTree = "<group>";
		};
		FB4B4AD31F15FE3E005B52CB /* View */ = {
			isa = PBXGroup;
			children = (
				FB7A5A081F1DF34C00805E63 /* ReceiptReviewCell.h */,
				FB7A5A091F1DF34C00805E63 /* ReceiptReviewCell.m */,
				FB7A5A0A1F1DF34C00805E63 /* ReceiptReviewCell.xib */,
			);
			path = View;
			sourceTree = "<group>";
		};
		FB4B4AD41F15FE3E005B52CB /* 发票作废审核 */ = {
			isa = PBXGroup;
			children = (
				FB4B4AD51F15FE3E005B52CB /* Controller */,
				FB4B4AD61F15FE3E005B52CB /* Model */,
				FB4B4AD71F15FE3E005B52CB /* View */,
			);
			path = "发票作废审核";
			sourceTree = "<group>";
		};
		FB4B4AD51F15FE3E005B52CB /* Controller */ = {
			isa = PBXGroup;
			children = (
				FB4B4B141F15FF11005B52CB /* InvoiceCancelController.h */,
				FB4B4B151F15FF11005B52CB /* InvoiceCancelController.m */,
				FB4801281F1CA2DC0040E5DC /* ReceiptCancelReviewViewController.h */,
				FB4801291F1CA2DC0040E5DC /* ReceiptCancelReviewViewController.m */,
			);
			path = Controller;
			sourceTree = "<group>";
		};
		FB4B4AD61F15FE3E005B52CB /* Model */ = {
			isa = PBXGroup;
			children = (
			);
			path = Model;
			sourceTree = "<group>";
		};
		FB4B4AD71F15FE3E005B52CB /* View */ = {
			isa = PBXGroup;
			children = (
				FB4B4B171F15FF31005B52CB /* InvoiceCancelCell.h */,
				FB4B4B181F15FF31005B52CB /* InvoiceCancelCell.m */,
				FB4B4B191F15FF31005B52CB /* InvoiceCancelCell.xib */,
			);
			path = View;
			sourceTree = "<group>";
		};
		FB4B4AD81F15FE3E005B52CB /* 广告主提现审核 */ = {
			isa = PBXGroup;
			children = (
				FB4B4AD91F15FE3E005B52CB /* Controller */,
				FB4B4ADA1F15FE3E005B52CB /* Model */,
				FB4B4ADB1F15FE3E005B52CB /* View */,
			);
			path = "广告主提现审核";
			sourceTree = "<group>";
		};
		FB4B4AD91F15FE3E005B52CB /* Controller */ = {
			isa = PBXGroup;
			children = (
				FB4B4B2F1F160EA4005B52CB /* WithdrawCheckController.h */,
				FB4B4B301F160EA4005B52CB /* WithdrawCheckController.m */,
			);
			path = Controller;
			sourceTree = "<group>";
		};
		FB4B4ADA1F15FE3E005B52CB /* Model */ = {
			isa = PBXGroup;
			children = (
			);
			path = Model;
			sourceTree = "<group>";
		};
		FB4B4ADB1F15FE3E005B52CB /* View */ = {
			isa = PBXGroup;
			children = (
				FB4B4B321F160EC0005B52CB /* WithdrawCheckCell.h */,
				FB4B4B331F160EC0005B52CB /* WithdrawCheckCell.m */,
				FB4B4B341F160EC0005B52CB /* WithdrawCheckCell.xib */,
			);
			path = View;
			sourceTree = "<group>";
		};
		FB4B4ADC1F15FE3E005B52CB /* 试客计划 */ = {
			isa = PBXGroup;
			children = (
				FB4B4ADD1F15FE3E005B52CB /* Controller */,
				FB4B4ADE1F15FE3E005B52CB /* Model */,
				FB4B4ADF1F15FE3E005B52CB /* View */,
			);
			path = "试客计划";
			sourceTree = "<group>";
		};
		FB4B4ADD1F15FE3E005B52CB /* Controller */ = {
			isa = PBXGroup;
			children = (
			);
			path = Controller;
			sourceTree = "<group>";
		};
		FB4B4ADE1F15FE3E005B52CB /* Model */ = {
			isa = PBXGroup;
			children = (
			);
			path = Model;
			sourceTree = "<group>";
		};
		FB4B4ADF1F15FE3E005B52CB /* View */ = {
			isa = PBXGroup;
			children = (
			);
			path = View;
			sourceTree = "<group>";
		};
		FB4B4AE01F15FE3E005B52CB /* 试客推广 */ = {
			isa = PBXGroup;
			children = (
				FB4B4AE11F15FE3E005B52CB /* Controller */,
				FB4B4AE21F15FE3E005B52CB /* Model */,
				FB4B4AE31F15FE3E005B52CB /* View */,
			);
			path = "试客推广";
			sourceTree = "<group>";
		};
		FB4B4AE11F15FE3E005B52CB /* Controller */ = {
			isa = PBXGroup;
			children = (
			);
			path = Controller;
			sourceTree = "<group>";
		};
		FB4B4AE21F15FE3E005B52CB /* Model */ = {
			isa = PBXGroup;
			children = (
			);
			path = Model;
			sourceTree = "<group>";
		};
		FB4B4AE31F15FE3E005B52CB /* View */ = {
			isa = PBXGroup;
			children = (
			);
			path = View;
			sourceTree = "<group>";
		};
		FB4B4AE41F15FE3E005B52CB /* 细算汇总 */ = {
			isa = PBXGroup;
			children = (
				FB4B4AE51F15FE3E005B52CB /* Controller */,
				FB4B4AE61F15FE3E005B52CB /* Model */,
				FB4B4AE71F15FE3E005B52CB /* View */,
			);
			path = "细算汇总";
			sourceTree = "<group>";
		};
		FB4B4AE51F15FE3E005B52CB /* Controller */ = {
			isa = PBXGroup;
			children = (
				FB58AB9B1F1C98B600AD5B2C /* SettlementGatherViewController.h */,
				FB58AB9C1F1C98B600AD5B2C /* SettlementGatherViewController.m */,
			);
			path = Controller;
			sourceTree = "<group>";
		};
		FB4B4AE61F15FE3E005B52CB /* Model */ = {
			isa = PBXGroup;
			children = (
			);
			path = Model;
			sourceTree = "<group>";
		};
		FB4B4AE71F15FE3E005B52CB /* View */ = {
			isa = PBXGroup;
			children = (
			);
			path = View;
			sourceTree = "<group>";
		};
		FB4B4AE81F15FE3E005B52CB /* 细算明细 */ = {
			isa = PBXGroup;
			children = (
				FB4B4AE91F15FE3E005B52CB /* Controller */,
				FB4B4AEA1F15FE3E005B52CB /* Model */,
				FB4B4AEB1F15FE3E005B52CB /* View */,
			);
			path = "细算明细";
			sourceTree = "<group>";
		};
		FB4B4AE91F15FE3E005B52CB /* Controller */ = {
			isa = PBXGroup;
			children = (
				FB58AB6B1F1C533800AD5B2C /* SettlementDetailViewController.h */,
				FB58AB6C1F1C533800AD5B2C /* SettlementDetailViewController.m */,
			);
			path = Controller;
			sourceTree = "<group>";
		};
		FB4B4AEA1F15FE3E005B52CB /* Model */ = {
			isa = PBXGroup;
			children = (
			);
			path = Model;
			sourceTree = "<group>";
		};
		FB4B4AEB1F15FE3E005B52CB /* View */ = {
			isa = PBXGroup;
			children = (
			);
			path = View;
			sourceTree = "<group>";
		};
		FB4B4AEC1F15FE3E005B52CB /* 现金流水 */ = {
			isa = PBXGroup;
			children = (
				FB4B4AED1F15FE3E005B52CB /* Controller */,
				FB4B4AEE1F15FE3E005B52CB /* Model */,
				FB4B4AEF1F15FE3E005B52CB /* View */,
			);
			path = "现金流水";
			sourceTree = "<group>";
		};
		FB4B4AED1F15FE3E005B52CB /* Controller */ = {
			isa = PBXGroup;
			children = (
				FB4B4B521F161A44005B52CB /* CashFlowController.h */,
				FB4B4B531F161A44005B52CB /* CashFlowController.m */,
				FB58AB501F1C505100AD5B2C /* CashStreamViewController.h */,
				FB58AB511F1C505100AD5B2C /* CashStreamViewController.m */,
			);
			path = Controller;
			sourceTree = "<group>";
		};
		FB4B4AEE1F15FE3E005B52CB /* Model */ = {
			isa = PBXGroup;
			children = (
			);
			path = Model;
			sourceTree = "<group>";
		};
		FB4B4AEF1F15FE3E005B52CB /* View */ = {
			isa = PBXGroup;
			children = (
				FB4B4B551F161A5D005B52CB /* CashFlowCell.h */,
				FB4B4B561F161A5D005B52CB /* CashFlowCell.m */,
				FB4B4B571F161A5D005B52CB /* CashFlowCell.xib */,
			);
			path = View;
			sourceTree = "<group>";
		};
		FB4B4AF01F15FE3E005B52CB /* 效果日报 */ = {
			isa = PBXGroup;
			children = (
				FB4B4AF11F15FE3E005B52CB /* Controller */,
				FB4B4AF21F15FE3E005B52CB /* Model */,
				FB4B4AF31F15FE3E005B52CB /* View */,
			);
			path = "效果日报";
			sourceTree = "<group>";
		};
		FB4B4AF11F15FE3E005B52CB /* Controller */ = {
			isa = PBXGroup;
			children = (
				FB4801251F1CA28E0040E5DC /* EffectDailyRecordViewController.h */,
				FB4801261F1CA28E0040E5DC /* EffectDailyRecordViewController.m */,
			);
			path = Controller;
			sourceTree = "<group>";
		};
		FB4B4AF21F15FE3E005B52CB /* Model */ = {
			isa = PBXGroup;
			children = (
			);
			path = Model;
			sourceTree = "<group>";
		};
		FB4B4AF31F15FE3E005B52CB /* View */ = {
			isa = PBXGroup;
			children = (
			);
			path = View;
			sourceTree = "<group>";
		};
		FB4B4AF41F15FE3E005B52CB /* 已开发票 */ = {
			isa = PBXGroup;
			children = (
				FB4B4AF51F15FE3E005B52CB /* Controller */,
				FB4B4AF61F15FE3E005B52CB /* Model */,
				FB4B4AF71F15FE3E005B52CB /* View */,
			);
			path = "已开发票";
			sourceTree = "<group>";
		};
		FB4B4AF51F15FE3E005B52CB /* Controller */ = {
			isa = PBXGroup;
			children = (
				FB58AB4A1F1C4FC000AD5B2C /* AlreadyOpenReceiptViewController.h */,
				FB58AB4B1F1C4FC000AD5B2C /* AlreadyOpenReceiptViewController.m */,
			);
			path = Controller;
			sourceTree = "<group>";
		};
		FB4B4AF61F15FE3E005B52CB /* Model */ = {
			isa = PBXGroup;
			children = (
			);
			path = Model;
			sourceTree = "<group>";
		};
		FB4B4AF71F15FE3E005B52CB /* View */ = {
			isa = PBXGroup;
			children = (
			);
			path = View;
			sourceTree = "<group>";
		};
		FB4B4AF81F15FE3E005B52CB /* 预开发票 */ = {
			isa = PBXGroup;
			children = (
				FB4B4AF91F15FE3E005B52CB /* Controller */,
				FB4B4AFA1F15FE3E005B52CB /* Model */,
				FB4B4AFB1F15FE3E005B52CB /* View */,
			);
			path = "预开发票";
			sourceTree = "<group>";
		};
		FB4B4AF91F15FE3E005B52CB /* Controller */ = {
			isa = PBXGroup;
			children = (
				FB58AB5F1F1C523500AD5B2C /* PreOpneReceiptViewController.h */,
				FB58AB601F1C523500AD5B2C /* PreOpneReceiptViewController.m */,
			);
			path = Controller;
			sourceTree = "<group>";
		};
		FB4B4AFA1F15FE3E005B52CB /* Model */ = {
			isa = PBXGroup;
			children = (
			);
			path = Model;
			sourceTree = "<group>";
		};
		FB4B4AFB1F15FE3E005B52CB /* View */ = {
			isa = PBXGroup;
			children = (
			);
			path = View;
			sourceTree = "<group>";
		};
		FB4B4AFC1F15FE3E005B52CB /* 预开发票审核 */ = {
			isa = PBXGroup;
			children = (
				FB4B4AFD1F15FE3E005B52CB /* Controller */,
				FB4B4AFE1F15FE3E005B52CB /* Model */,
				FB4B4AFF1F15FE3E005B52CB /* View */,
			);
			path = "预开发票审核";
			sourceTree = "<group>";
		};
		FB4B4AFD1F15FE3E005B52CB /* Controller */ = {
			isa = PBXGroup;
			children = (
				FB4B4B3F1F16144D005B52CB /* PreOpenInvoiceCheckController.h */,
				FB4B4B401F16144D005B52CB /* PreOpenInvoiceCheckController.m */,
				FB58AB681F1C530E00AD5B2C /* PreOpenReceiptReviewViewController.h */,
				FB58AB691F1C530E00AD5B2C /* PreOpenReceiptReviewViewController.m */,
			);
			path = Controller;
			sourceTree = "<group>";
		};
		FB4B4AFE1F15FE3E005B52CB /* Model */ = {
			isa = PBXGroup;
			children = (
			);
			path = Model;
			sourceTree = "<group>";
		};
		FB4B4AFF1F15FE3E005B52CB /* View */ = {
			isa = PBXGroup;
			children = (
				FB4B4B451F16147E005B52CB /* PreOpenInvoiceCheckCell.h */,
				FB4B4B461F16147E005B52CB /* PreOpenInvoiceCheckCell.m */,
				FB4B4B471F16147E005B52CB /* PreOpenInvoiceCheckCell.xib */,
			);
			path = View;
			sourceTree = "<group>";
		};
		FB4B4B001F15FE3E005B52CB /* 资源包购买记录 */ = {
			isa = PBXGroup;
			children = (
				FB4B4B011F15FE3E005B52CB /* Controller */,
				FB4B4B021F15FE3E005B52CB /* Model */,
				FB4B4B031F15FE3E005B52CB /* View */,
			);
			path = "资源包购买记录";
			sourceTree = "<group>";
		};
		FB4B4B011F15FE3E005B52CB /* Controller */ = {
			isa = PBXGroup;
			children = (
				FB58AB591F1C51B700AD5B2C /* resourceBuyRecordViewController.h */,
				FB58AB5A1F1C51B700AD5B2C /* resourceBuyRecordViewController.m */,
			);
			path = Controller;
			sourceTree = "<group>";
		};
		FB4B4B021F15FE3E005B52CB /* Model */ = {
			isa = PBXGroup;
			children = (
			);
			path = Model;
			sourceTree = "<group>";
		};
		FB4B4B031F15FE3E005B52CB /* View */ = {
			isa = PBXGroup;
			children = (
			);
			path = View;
			sourceTree = "<group>";
		};
		FB4B4B041F15FE3E005B52CB /* 资源包退订审核 */ = {
			isa = PBXGroup;
			children = (
				FB4B4B051F15FE3E005B52CB /* Controller */,
				FB4B4B061F15FE3E005B52CB /* Model */,
				FB4B4B071F15FE3E005B52CB /* View */,
			);
			path = "资源包退订审核";
			sourceTree = "<group>";
		};
		FB4B4B051F15FE3E005B52CB /* Controller */ = {
			isa = PBXGroup;
			children = (
				FB4B4B371F1611AF005B52CB /* ResourceUnsubscribeCheckController.h */,
				FB4B4B381F1611AF005B52CB /* ResourceUnsubscribeCheckController.m */,
				FB58AB561F1C515500AD5B2C /* UnsubscribeReviewViewController.h */,
				FB58AB571F1C515500AD5B2C /* UnsubscribeReviewViewController.m */,
			);
			path = Controller;
			sourceTree = "<group>";
		};
		FB4B4B061F15FE3E005B52CB /* Model */ = {
			isa = PBXGroup;
			children = (
			);
			path = Model;
			sourceTree = "<group>";
		};
		FB4B4B071F15FE3E005B52CB /* View */ = {
			isa = PBXGroup;
			children = (
				FB4B4B3A1F1611EB005B52CB /* ResourceUnsubscribeCheckCell.h */,
				FB4B4B3B1F1611EB005B52CB /* ResourceUnsubscribeCheckCell.m */,
				FB4B4B3C1F1611EB005B52CB /* ResourceUnsubscribeCheckCell.xib */,
			);
			path = View;
			sourceTree = "<group>";
		};
		FB4B4B081F15FE3E005B52CB /* 资源包消耗明细 */ = {
			isa = PBXGroup;
			children = (
				FB4B4B091F15FE3E005B52CB /* Controller */,
				FB4B4B0A1F15FE3E005B52CB /* Model */,
				FB4B4B0B1F15FE3E005B52CB /* View */,
			);
			path = "资源包消耗明细";
			sourceTree = "<group>";
		};
		FB4B4B091F15FE3E005B52CB /* Controller */ = {
			isa = PBXGroup;
			children = (
				FB58AB621F1C525900AD5B2C /* RespackageConsumeDetailViewController.h */,
				FB58AB631F1C525900AD5B2C /* RespackageConsumeDetailViewController.m */,
			);
			path = Controller;
			sourceTree = "<group>";
		};
		FB4B4B0A1F15FE3E005B52CB /* Model */ = {
			isa = PBXGroup;
			children = (
			);
			path = Model;
			sourceTree = "<group>";
		};
		FB4B4B0B1F15FE3E005B52CB /* View */ = {
			isa = PBXGroup;
			children = (
				FB58AB8B1F1C71C900AD5B2C /* RespackageConsumeCell.h */,
				FB58AB8C1F1C71C900AD5B2C /* RespackageConsumeCell.m */,
				FB58AB8D1F1C71C900AD5B2C /* RespackageConsumeCell.xib */,
			);
			path = View;
			sourceTree = "<group>";
		};
		FB4B4B0C1F15FE3E005B52CB /* Play计划 */ = {
			isa = PBXGroup;
			children = (
				FB4B4B0D1F15FE3E005B52CB /* Controller */,
				FB4B4B0E1F15FE3E005B52CB /* Model */,
				FB4B4B0F1F15FE3E005B52CB /* View */,
			);
			path = "Play计划";
			sourceTree = "<group>";
		};
		FB4B4B0D1F15FE3E005B52CB /* Controller */ = {
			isa = PBXGroup;
			children = (
				FB58AB6E1F1C539100AD5B2C /* PlayPlanViewController.h */,
				FB58AB6F1F1C539100AD5B2C /* PlayPlanViewController.m */,
			);
			path = Controller;
			sourceTree = "<group>";
		};
		FB4B4B0E1F15FE3E005B52CB /* Model */ = {
			isa = PBXGroup;
			children = (
			);
			path = Model;
			sourceTree = "<group>";
		};
		FB4B4B0F1F15FE3E005B52CB /* View */ = {
			isa = PBXGroup;
			children = (
			);
			path = View;
			sourceTree = "<group>";
		};
		FB4B4B101F15FE3E005B52CB /* Play推广 */ = {
			isa = PBXGroup;
			children = (
				FB4B4B111F15FE3E005B52CB /* Controller */,
				FB4B4B121F15FE3E005B52CB /* Model */,
				FB4B4B131F15FE3E005B52CB /* View */,
			);
			path = "Play推广";
			sourceTree = "<group>";
		};
		FB4B4B111F15FE3E005B52CB /* Controller */ = {
			isa = PBXGroup;
			children = (
				FB48012B1F1CA3030040E5DC /* PlayGeneralizeViewController.h */,
				FB48012C1F1CA3030040E5DC /* PlayGeneralizeViewController.m */,
			);
			path = Controller;
			sourceTree = "<group>";
		};
		FB4B4B121F15FE3E005B52CB /* Model */ = {
			isa = PBXGroup;
			children = (
			);
			path = Model;
			sourceTree = "<group>";
		};
		FB4B4B131F15FE3E005B52CB /* View */ = {
			isa = PBXGroup;
			children = (
			);
			path = View;
			sourceTree = "<group>";
		};
		FB4B4B661F162D7B005B52CB /* Tool */ = {
			isa = PBXGroup;
			children = (
				FB4B4B671F162D8F005B52CB /* AdmoreTool.h */,
				FB4B4B681F162D8F005B52CB /* AdmoreTool.m */,
				FB3D730C1F172E44001E6D77 /* ColorGradualTool.h */,
				FB3D730D1F172E44001E6D77 /* ColorGradualTool.m */,
			);
			path = Tool;
			sourceTree = "<group>";
		};
		FB517D161F14DF0500DDAFA2 = {
			isa = PBXGroup;
			children = (
				FB517D211F14DF0500DDAFA2 /* DuodianAdmoreWork */,
				FB517D201F14DF0500DDAFA2 /* Products */,
				044AB4EB0121D4A52E433BF2 /* Pods */,
				B36DFCD3826C60C9A0B54A15 /* Frameworks */,
			);
			sourceTree = "<group>";
		};
		FB517D201F14DF0500DDAFA2 /* Products */ = {
			isa = PBXGroup;
			children = (
				FB517D1F1F14DF0500DDAFA2 /* DuodianAdmoreWork.app */,
			);
			name = Products;
			sourceTree = "<group>";
		};
		FB517D211F14DF0500DDAFA2 /* DuodianAdmoreWork */ = {
			isa = PBXGroup;
			children = (
				FB4B4A971F15B735005B52CB /* General */,
				FB4B4A931F15B735005B52CB /* Expand */,
				FB4B4A981F15B735005B52CB /* Resource */,
				FB4B4A991F15B735005B52CB /* Vender */,
				FB517D251F14DF0500DDAFA2 /* AppDelegate.h */,
				FB517D261F14DF0500DDAFA2 /* AppDelegate.m */,
				FB517D2E1F14DF0500DDAFA2 /* Assets.xcassets */,
				FB517D301F14DF0500DDAFA2 /* LaunchScreen.storyboard */,
				FB517D331F14DF0500DDAFA2 /* Info.plist */,
				FB517D221F14DF0500DDAFA2 /* Supporting Files */,
			);
			path = DuodianAdmoreWork;
			sourceTree = "<group>";
		};
		FB517D221F14DF0500DDAFA2 /* Supporting Files */ = {
			isa = PBXGroup;
			children = (
				FB517D231F14DF0500DDAFA2 /* main.m */,
				FB4B4AA21F15BBC0005B52CB /* PrefixHeader.pch */,
				FB7A5A051F1DC51F00805E63 /* DuodianAdmoreWork-Bridging-Header.h */,
			);
			name = "Supporting Files";
			sourceTree = "<group>";
		};
		FB822A9E1F1A24FD001B8A1E /* Controller */ = {
			isa = PBXGroup;
			children = (
				FB822A9F1F1A24FD001B8A1E /* LeftController.h */,
				FB822AA01F1A24FD001B8A1E /* LeftController.m */,
			);
			path = Controller;
			sourceTree = "<group>";
		};
		FB822AA11F1A24FD001B8A1E /* View */ = {
			isa = PBXGroup;
			children = (
				FB822AA31F1A2521001B8A1E /* LeftItemCell.h */,
				FB822AA41F1A2521001B8A1E /* LeftItemCell.m */,
				FB822AA51F1A2521001B8A1E /* LeftItemCell.xib */,
			);
			path = View;
			sourceTree = "<group>";
		};
/* End PBXGroup section */

/* Begin PBXNativeTarget section */
		FB517D1E1F14DF0500DDAFA2 /* DuodianAdmoreWork */ = {
			isa = PBXNativeTarget;
			buildConfigurationList = FB517D361F14DF0500DDAFA2 /* Build configuration list for PBXNativeTarget "DuodianAdmoreWork" */;
			buildPhases = (
				3F246E2B2B9B387585613738 /* [CP] Check Pods Manifest.lock */,
				FB517D1B1F14DF0500DDAFA2 /* Sources */,
				FB517D1C1F14DF0500DDAFA2 /* Frameworks */,
				FB517D1D1F14DF0500DDAFA2 /* Resources */,
				3177F699F435A0111EF6C193 /* [CP] Embed Pods Frameworks */,
				D606B3AD019D62E96C5D53C6 /* [CP] Copy Pods Resources */,
			);
			buildRules = (
			);
			dependencies = (
			);
			name = DuodianAdmoreWork;
			productName = DuodianAdmoreWork;
			productReference = FB517D1F1F14DF0500DDAFA2 /* DuodianAdmoreWork.app */;
			productType = "com.apple.product-type.application";
		};
/* End PBXNativeTarget section */

/* Begin PBXProject section */
		FB517D171F14DF0500DDAFA2 /* Project object */ = {
			isa = PBXProject;
			attributes = {
				LastUpgradeCheck = 0830;
				ORGANIZATIONNAME = duodian;
				TargetAttributes = {
					FB517D1E1F14DF0500DDAFA2 = {
						CreatedOnToolsVersion = 8.3.2;
						LastSwiftMigration = 0830;
						ProvisioningStyle = Automatic;
					};
				};
			};
			buildConfigurationList = FB517D1A1F14DF0500DDAFA2 /* Build configuration list for PBXProject "DuodianAdmoreWork" */;
			compatibilityVersion = "Xcode 3.2";
			developmentRegion = English;
			hasScannedForEncodings = 0;
			knownRegions = (
				en,
				Base,
			);
			mainGroup = FB517D161F14DF0500DDAFA2;
			productRefGroup = FB517D201F14DF0500DDAFA2 /* Products */;
			projectDirPath = "";
			projectRoot = "";
			targets = (
				FB517D1E1F14DF0500DDAFA2 /* DuodianAdmoreWork */,
			);
		};
/* End PBXProject section */

/* Begin PBXResourcesBuildPhase section */
		FB517D1D1F14DF0500DDAFA2 /* Resources */ = {
			isa = PBXResourcesBuildPhase;
			buildActionMask = 2147483647;
			files = (
				FB4B4B3E1F1611EB005B52CB /* ResourceUnsubscribeCheckCell.xib in Resources */,
				FB4B4B591F161A5D005B52CB /* CashFlowCell.xib in Resources */,
				FB3D73201F176D0A001E6D77 /* LoginView.xib in Resources */,
				FB517D321F14DF0500DDAFA2 /* LaunchScreen.storyboard in Resources */,
				FB7A5A0C1F1DF34C00805E63 /* ReceiptReviewCell.xib in Resources */,
				FB3D73971F185B16001E6D77 /* PerfectInfoView.xib in Resources */,
				FB3D732D1F177E79001E6D77 /* ForgetPwdView.xib in Resources */,
				FB822AA71F1A2521001B8A1E /* LeftItemCell.xib in Resources */,
				FB4B4B361F160EC0005B52CB /* WithdrawCheckCell.xib in Resources */,
				FB4B4B1B1F15FF31005B52CB /* InvoiceCancelCell.xib in Resources */,
				FB58AB8F1F1C71C900AD5B2C /* RespackageConsumeCell.xib in Resources */,
				FB7A5A111F1DF46C00805E63 /* RecepitReviewDetailController.xib in Resources */,
				FB4B4B491F16147E005B52CB /* PreOpenInvoiceCheckCell.xib in Resources */,
				FB517D2F1F14DF0500DDAFA2 /* Assets.xcassets in Resources */,
				FB58AB941F1C746F00AD5B2C /* ChargeJournalingCell.xib in Resources */,
				FB3D73251F176D34001E6D77 /* RegisterView.xib in Resources */,
				FB4B4AA81F15BD84005B52CB /* User.storyboard in Resources */,
				FB4801321F1CA3670040E5DC /* AgentRebateViewCell.xib in Resources */,
			);
			runOnlyForDeploymentPostprocessing = 0;
		};
/* End PBXResourcesBuildPhase section */

/* Begin PBXShellScriptBuildPhase section */
		3177F699F435A0111EF6C193 /* [CP] Embed Pods Frameworks */ = {
			isa = PBXShellScriptBuildPhase;
			buildActionMask = 2147483647;
			files = (
			);
			inputPaths = (
			);
			name = "[CP] Embed Pods Frameworks";
			outputPaths = (
			);
			runOnlyForDeploymentPostprocessing = 0;
			shellPath = /bin/sh;
			shellScript = "\"${SRCROOT}/Pods/Target Support Files/Pods-DuodianAdmoreWork/Pods-DuodianAdmoreWork-frameworks.sh\"\n";
			showEnvVarsInLog = 0;
		};
		3F246E2B2B9B387585613738 /* [CP] Check Pods Manifest.lock */ = {
			isa = PBXShellScriptBuildPhase;
			buildActionMask = 2147483647;
			files = (
			);
			inputPaths = (
			);
			name = "[CP] Check Pods Manifest.lock";
			outputPaths = (
			);
			runOnlyForDeploymentPostprocessing = 0;
			shellPath = /bin/sh;
			shellScript = "diff \"${PODS_PODFILE_DIR_PATH}/Podfile.lock\" \"${PODS_ROOT}/Manifest.lock\" > /dev/null\nif [ $? != 0 ] ; then\n    # print error to STDERR\n    echo \"error: The sandbox is not in sync with the Podfile.lock. Run 'pod install' or update your CocoaPods installation.\" >&2\n    exit 1\nfi\n";
			showEnvVarsInLog = 0;
		};
		D606B3AD019D62E96C5D53C6 /* [CP] Copy Pods Resources */ = {
			isa = PBXShellScriptBuildPhase;
			buildActionMask = 2147483647;
			files = (
			);
			inputPaths = (
			);
			name = "[CP] Copy Pods Resources";
			outputPaths = (
			);
			runOnlyForDeploymentPostprocessing = 0;
			shellPath = /bin/sh;
			shellScript = "\"${SRCROOT}/Pods/Target Support Files/Pods-DuodianAdmoreWork/Pods-DuodianAdmoreWork-resources.sh\"\n";
			showEnvVarsInLog = 0;
		};
/* End PBXShellScriptBuildPhase section */

/* Begin PBXSourcesBuildPhase section */
		FB517D1B1F14DF0500DDAFA2 /* Sources */ = {
			isa = PBXSourcesBuildPhase;
			buildActionMask = 2147483647;
			files = (
				FB3D73951F185B08001E6D77 /* PerfectInfoView.m in Sources */,
				FB58AB8E1F1C71C900AD5B2C /* RespackageConsumeCell.m in Sources */,
				FB58AB5B1F1C51B700AD5B2C /* resourceBuyRecordViewController.m in Sources */,
				FB7A5A171F1DFA5E00805E63 /* NSObject+Init.m in Sources */,
				FB58AB4C1F1C4FC000AD5B2C /* AlreadyOpenReceiptViewController.m in Sources */,
				FB4B4AA01F15BAC6005B52CB /* BaseNavController.m in Sources */,
				FB3D73281F1770AA001E6D77 /* EntranceController.m in Sources */,
				FB58AB9A1F1C989900AD5B2C /* NotSettlementDetailViewController.m in Sources */,
				FB4B4B541F161A44005B52CB /* CashFlowController.m in Sources */,
				FB58AB6D1F1C533800AD5B2C /* SettlementDetailViewController.m in Sources */,
				FB822AA21F1A24FD001B8A1E /* LeftController.m in Sources */,
				FB3D730E1F172E44001E6D77 /* ColorGradualTool.m in Sources */,
				FB58AB701F1C539100AD5B2C /* PlayPlanViewController.m in Sources */,
				FB4B4B481F16147E005B52CB /* PreOpenInvoiceCheckCell.m in Sources */,
				FB58AB461F1C4F8100AD5B2C /* CensusDataViewController.m in Sources */,
				FB7A5A221F1E0F6000805E63 /* UserCenterController.m in Sources */,
				FB58AB581F1C515500AD5B2C /* UnsubscribeReviewViewController.m in Sources */,
				FB4B4B691F162D8F005B52CB /* AdmoreTool.m in Sources */,
				FB4B4B651F1620D9005B52CB /* NetWorkManager.m in Sources */,
				FB58AB971F1C982800AD5B2C /* NotSettlementGatherViewController.m in Sources */,
				FB58AB931F1C746F00AD5B2C /* ChargeJournalingCell.m in Sources */,
				FB7A5A251F1E14BB00805E63 /* WaveView.m in Sources */,
				FB4B4A9D1F15BAAC005B52CB /* BaseViewController.m in Sources */,
				FB58AB611F1C523500AD5B2C /* PreOpneReceiptViewController.m in Sources */,
				FB58AB6A1F1C530E00AD5B2C /* PreOpenReceiptReviewViewController.m in Sources */,
				FB58AB641F1C525900AD5B2C /* RespackageConsumeDetailViewController.m in Sources */,
				FB4B4B1A1F15FF31005B52CB /* InvoiceCancelCell.m in Sources */,
				FB3D73921F1856A6001E6D77 /* DDTextField.m in Sources */,
				FB58AB491F1C4FA300AD5B2C /* ReceiptReviewViewController.m in Sources */,
				FB48012D1F1CA3030040E5DC /* PlayGeneralizeViewController.m in Sources */,
				FB58AB4F1F1C4FE400AD5B2C /* ChargeJournalingViewController.m in Sources */,
				FB4B4B351F160EC0005B52CB /* WithdrawCheckCell.m in Sources */,
				FB4B4B311F160EA4005B52CB /* WithdrawCheckController.m in Sources */,
				FB4B4B3D1F1611EB005B52CB /* ResourceUnsubscribeCheckCell.m in Sources */,
				FB4B4B161F15FF11005B52CB /* InvoiceCancelController.m in Sources */,
				FB517D271F14DF0500DDAFA2 /* AppDelegate.m in Sources */,
				FB3D73111F1754A5001E6D77 /* UIBarButtonItem+Extension.m in Sources */,
				FB7A5A0B1F1DF34C00805E63 /* ReceiptReviewCell.m in Sources */,
				FB7A5A101F1DF46C00805E63 /* RecepitReviewDetailController.m in Sources */,
				FB4801311F1CA3670040E5DC /* AgentRebateViewCell.m in Sources */,
				FB3D73181F17628C001E6D77 /* AutoCodeView.m in Sources */,
				FB822AA61F1A2521001B8A1E /* LeftItemCell.m in Sources */,
				FB58AB521F1C505100AD5B2C /* CashStreamViewController.m in Sources */,
				FB517D241F14DF0500DDAFA2 /* main.m in Sources */,
				FB4801271F1CA28E0040E5DC /* EffectDailyRecordViewController.m in Sources */,
				FB4B4B581F161A5D005B52CB /* CashFlowCell.m in Sources */,
				FB7A5A1F1F1E094000805E63 /* UIImageView+Loading.m in Sources */,
				FB58ABA01F1C98F200AD5B2C /* AgentRebateViewController.m in Sources */,
				FB48012A1F1CA2DC0040E5DC /* ReceiptCancelReviewViewController.m in Sources */,
				FB3D731E1F176CFE001E6D77 /* LoginView.m in Sources */,
				FB3D732B1F177E6A001E6D77 /* ForgetPwdView.m in Sources */,
				FB58AB9D1F1C98B600AD5B2C /* SettlementGatherViewController.m in Sources */,
				FB4B4B391F1611AF005B52CB /* ResourceUnsubscribeCheckController.m in Sources */,
				FB4B4B411F16144D005B52CB /* PreOpenInvoiceCheckController.m in Sources */,
				FB3D73231F176D22001E6D77 /* RegisterView.m in Sources */,
			);
			runOnlyForDeploymentPostprocessing = 0;
		};
/* End PBXSourcesBuildPhase section */

/* Begin PBXVariantGroup section */
		FB517D301F14DF0500DDAFA2 /* LaunchScreen.storyboard */ = {
			isa = PBXVariantGroup;
			children = (
				FB517D311F14DF0500DDAFA2 /* Base */,
			);
			name = LaunchScreen.storyboard;
			sourceTree = "<group>";
		};
/* End PBXVariantGroup section */

/* Begin XCBuildConfiguration section */
		FB517D341F14DF0500DDAFA2 /* Debug */ = {
			isa = XCBuildConfiguration;
			buildSettings = {
				ALWAYS_SEARCH_USER_PATHS = NO;
				CLANG_ANALYZER_NONNULL = YES;
				CLANG_ANALYZER_NUMBER_OBJECT_CONVERSION = YES_AGGRESSIVE;
				CLANG_CXX_LANGUAGE_STANDARD = "gnu++0x";
				CLANG_CXX_LIBRARY = "libc++";
				CLANG_ENABLE_MODULES = YES;
				CLANG_ENABLE_OBJC_ARC = YES;
				CLANG_WARN_BOOL_CONVERSION = YES;
				CLANG_WARN_CONSTANT_CONVERSION = YES;
				CLANG_WARN_DIRECT_OBJC_ISA_USAGE = YES_ERROR;
				CLANG_WARN_DOCUMENTATION_COMMENTS = YES;
				CLANG_WARN_EMPTY_BODY = YES;
				CLANG_WARN_ENUM_CONVERSION = YES;
				CLANG_WARN_INFINITE_RECURSION = YES;
				CLANG_WARN_INT_CONVERSION = YES;
				CLANG_WARN_OBJC_ROOT_CLASS = YES_ERROR;
				CLANG_WARN_SUSPICIOUS_MOVE = YES;
				CLANG_WARN_UNREACHABLE_CODE = YES;
				CLANG_WARN__DUPLICATE_METHOD_MATCH = YES;
				"CODE_SIGN_IDENTITY[sdk=iphoneos*]" = "iPhone Developer";
				COPY_PHASE_STRIP = NO;
				DEBUG_INFORMATION_FORMAT = dwarf;
				ENABLE_STRICT_OBJC_MSGSEND = YES;
				ENABLE_TESTABILITY = YES;
				GCC_C_LANGUAGE_STANDARD = gnu99;
				GCC_DYNAMIC_NO_PIC = NO;
				GCC_NO_COMMON_BLOCKS = YES;
				GCC_OPTIMIZATION_LEVEL = 0;
				GCC_PREPROCESSOR_DEFINITIONS = (
					"DEBUG=1",
					"$(inherited)",
				);
				GCC_WARN_64_TO_32_BIT_CONVERSION = YES;
				GCC_WARN_ABOUT_RETURN_TYPE = YES_ERROR;
				GCC_WARN_UNDECLARED_SELECTOR = YES;
				GCC_WARN_UNINITIALIZED_AUTOS = YES_AGGRESSIVE;
				GCC_WARN_UNUSED_FUNCTION = YES;
				GCC_WARN_UNUSED_VARIABLE = YES;
				IPHONEOS_DEPLOYMENT_TARGET = 10.3;
				MTL_ENABLE_DEBUG_INFO = YES;
				ONLY_ACTIVE_ARCH = YES;
				SDKROOT = iphoneos;
			};
			name = Debug;
		};
		FB517D351F14DF0500DDAFA2 /* Release */ = {
			isa = XCBuildConfiguration;
			buildSettings = {
				ALWAYS_SEARCH_USER_PATHS = NO;
				CLANG_ANALYZER_NONNULL = YES;
				CLANG_ANALYZER_NUMBER_OBJECT_CONVERSION = YES_AGGRESSIVE;
				CLANG_CXX_LANGUAGE_STANDARD = "gnu++0x";
				CLANG_CXX_LIBRARY = "libc++";
				CLANG_ENABLE_MODULES = YES;
				CLANG_ENABLE_OBJC_ARC = YES;
				CLANG_WARN_BOOL_CONVERSION = YES;
				CLANG_WARN_CONSTANT_CONVERSION = YES;
				CLANG_WARN_DIRECT_OBJC_ISA_USAGE = YES_ERROR;
				CLANG_WARN_DOCUMENTATION_COMMENTS = YES;
				CLANG_WARN_EMPTY_BODY = YES;
				CLANG_WARN_ENUM_CONVERSION = YES;
				CLANG_WARN_INFINITE_RECURSION = YES;
				CLANG_WARN_INT_CONVERSION = YES;
				CLANG_WARN_OBJC_ROOT_CLASS = YES_ERROR;
				CLANG_WARN_SUSPICIOUS_MOVE = YES;
				CLANG_WARN_UNREACHABLE_CODE = YES;
				CLANG_WARN__DUPLICATE_METHOD_MATCH = YES;
				"CODE_SIGN_IDENTITY[sdk=iphoneos*]" = "iPhone Developer";
				COPY_PHASE_STRIP = NO;
				DEBUG_INFORMATION_FORMAT = "dwarf-with-dsym";
				ENABLE_NS_ASSERTIONS = NO;
				ENABLE_STRICT_OBJC_MSGSEND = YES;
				GCC_C_LANGUAGE_STANDARD = gnu99;
				GCC_NO_COMMON_BLOCKS = YES;
				GCC_WARN_64_TO_32_BIT_CONVERSION = YES;
				GCC_WARN_ABOUT_RETURN_TYPE = YES_ERROR;
				GCC_WARN_UNDECLARED_SELECTOR = YES;
				GCC_WARN_UNINITIALIZED_AUTOS = YES_AGGRESSIVE;
				GCC_WARN_UNUSED_FUNCTION = YES;
				GCC_WARN_UNUSED_VARIABLE = YES;
				IPHONEOS_DEPLOYMENT_TARGET = 10.3;
				MTL_ENABLE_DEBUG_INFO = NO;
				SDKROOT = iphoneos;
				VALIDATE_PRODUCT = YES;
			};
			name = Release;
		};
		FB517D371F14DF0500DDAFA2 /* Debug */ = {
			isa = XCBuildConfiguration;
			baseConfigurationReference = 2A80A276576F90CA9E643E3B /* Pods-DuodianAdmoreWork.debug.xcconfig */;
			buildSettings = {
				ASSETCATALOG_COMPILER_APPICON_NAME = AppIcon;
				CLANG_ENABLE_MODULES = YES;
				"CODE_SIGN_IDENTITY[sdk=iphoneos*]" = "iPhone Developer";
				DEVELOPMENT_TEAM = "";
				GCC_PREFIX_HEADER = DuodianAdmoreWork/PrefixHeader.pch;
				INFOPLIST_FILE = DuodianAdmoreWork/Info.plist;
				IPHONEOS_DEPLOYMENT_TARGET = 9.0;
				LD_RUNPATH_SEARCH_PATHS = "$(inherited) @executable_path/Frameworks";
				PRODUCT_BUNDLE_IDENTIFIER = com;
				PRODUCT_NAME = "$(TARGET_NAME)";
				PROVISIONING_PROFILE = "";
				PROVISIONING_PROFILE_SPECIFIER = "";
				SWIFT_OBJC_BRIDGING_HEADER = "DuodianAdmoreWork/DuodianAdmoreWork-Bridging-Header.h";
				SWIFT_OPTIMIZATION_LEVEL = "-Onone";
				SWIFT_VERSION = 3.0;
			};
			name = Debug;
		};
		FB517D381F14DF0500DDAFA2 /* Release */ = {
			isa = XCBuildConfiguration;
			baseConfigurationReference = 1C9DA1411A1E6D5BB5A15445 /* Pods-DuodianAdmoreWork.release.xcconfig */;
			buildSettings = {
				ASSETCATALOG_COMPILER_APPICON_NAME = AppIcon;
				CLANG_ENABLE_MODULES = YES;
				"CODE_SIGN_IDENTITY[sdk=iphoneos*]" = "iPhone Developer";
				DEVELOPMENT_TEAM = "";
				GCC_PREFIX_HEADER = DuodianAdmoreWork/PrefixHeader.pch;
				INFOPLIST_FILE = DuodianAdmoreWork/Info.plist;
				IPHONEOS_DEPLOYMENT_TARGET = 9.0;
				LD_RUNPATH_SEARCH_PATHS = "$(inherited) @executable_path/Frameworks";
				PRODUCT_BUNDLE_IDENTIFIER = com;
				PRODUCT_NAME = "$(TARGET_NAME)";
				PROVISIONING_PROFILE_SPECIFIER = "";
				SWIFT_OBJC_BRIDGING_HEADER = "DuodianAdmoreWork/DuodianAdmoreWork-Bridging-Header.h";
				SWIFT_VERSION = 3.0;
			};
			name = Release;
		};
/* End XCBuildConfiguration section */

/* Begin XCConfigurationList section */
		FB517D1A1F14DF0500DDAFA2 /* Build configuration list for PBXProject "DuodianAdmoreWork" */ = {
			isa = XCConfigurationList;
			buildConfigurations = (
				FB517D341F14DF0500DDAFA2 /* Debug */,
				FB517D351F14DF0500DDAFA2 /* Release */,
			);
			defaultConfigurationIsVisible = 0;
			defaultConfigurationName = Release;
		};
		FB517D361F14DF0500DDAFA2 /* Build configuration list for PBXNativeTarget "DuodianAdmoreWork" */ = {
			isa = XCConfigurationList;
			buildConfigurations = (
				FB517D371F14DF0500DDAFA2 /* Debug */,
				FB517D381F14DF0500DDAFA2 /* Release */,
			);
			defaultConfigurationIsVisible = 0;
			defaultConfigurationName = Release;
		};
/* End XCConfigurationList section */
	};
	rootObject = FB517D171F14DF0500DDAFA2 /* Project object */;
}
